// !$*UTF8*$!
{
	archiveVersion = 1;
	classes = {
	};
	objectVersion = 46;
	objects = {

/* Begin PBXBuildFile section */
		D17BF91A1FC581F200B77BD7 /* main.m in Sources */ = {isa = PBXBuildFile; fileRef = D17BF9191FC581F200B77BD7 /* main.m */; };
		D17BF91D1FC581F200B77BD7 /* AppDelegate.m in Sources */ = {isa = PBXBuildFile; fileRef = D17BF91C1FC581F200B77BD7 /* AppDelegate.m */; };
		D17BF9201FC581F200B77BD7 /* ViewController.m in Sources */ = {isa = PBXBuildFile; fileRef = D17BF91F1FC581F200B77BD7 /* ViewController.m */; };
		D17BF9231FC581F200B77BD7 /* Main.storyboard in Resources */ = {isa = PBXBuildFile; fileRef = D17BF9211FC581F200B77BD7 /* Main.storyboard */; };
		D17BF9251FC581F200B77BD7 /* Assets.xcassets in Resources */ = {isa = PBXBuildFile; fileRef = D17BF9241FC581F200B77BD7 /* Assets.xcassets */; };
		D17BF9281FC581F200B77BD7 /* LaunchScreen.storyboard in Resources */ = {isa = PBXBuildFile; fileRef = D17BF9261FC581F200B77BD7 /* LaunchScreen.storyboard */; };
		D88CBB70217606D100B27683 /* ViewController.swift in Sources */ = {isa = PBXBuildFile; fileRef = D88CBB68217606D100B27683 /* ViewController.swift */; };
		D88CBB71217606D100B27683 /* Assets.xcassets in Resources */ = {isa = PBXBuildFile; fileRef = D88CBB69217606D100B27683 /* Assets.xcassets */; };
		D88CBB72217606D100B27683 /* LaunchScreen.storyboard in Resources */ = {isa = PBXBuildFile; fileRef = D88CBB6A217606D100B27683 /* LaunchScreen.storyboard */; };
		D88CBB73217606D100B27683 /* Main.storyboard in Resources */ = {isa = PBXBuildFile; fileRef = D88CBB6C217606D100B27683 /* Main.storyboard */; };
		D88CBB74217606D100B27683 /* AppDelegate.swift in Sources */ = {isa = PBXBuildFile; fileRef = D88CBB6E217606D100B27683 /* AppDelegate.swift */; };
		D88CBBC621760DF000B27683 /* FMDB.framework in Frameworks */ = {isa = PBXBuildFile; fileRef = D88CBBC521760DF000B27683 /* FMDB.framework */; };
		D88CBBC721760DF000B27683 /* FMDB.framework in Embed Frameworks */ = {isa = PBXBuildFile; fileRef = D88CBBC521760DF000B27683 /* FMDB.framework */; settings = {ATTRIBUTES = (CodeSignOnCopy, RemoveHeadersOnCopy, ); }; };
		D88CBBCA21760DF800B27683 /* AliyunLOGiOS.framework in Frameworks */ = {isa = PBXBuildFile; fileRef = D88CBBC921760DF800B27683 /* AliyunLOGiOS.framework */; };
		D88CBBCB21760DF800B27683 /* AliyunLOGiOS.framework in Embed Frameworks */ = {isa = PBXBuildFile; fileRef = D88CBBC921760DF800B27683 /* AliyunLOGiOS.framework */; settings = {ATTRIBUTES = (CodeSignOnCopy, RemoveHeadersOnCopy, ); }; };
		D88CBBCC21760E0100B27683 /* FMDB.framework in Frameworks */ = {isa = PBXBuildFile; fileRef = D88CBBC521760DF000B27683 /* FMDB.framework */; };
		D88CBBCD21760E0100B27683 /* FMDB.framework in Embed Frameworks */ = {isa = PBXBuildFile; fileRef = D88CBBC521760DF000B27683 /* FMDB.framework */; settings = {ATTRIBUTES = (CodeSignOnCopy, RemoveHeadersOnCopy, ); }; };
		D88CBBCF21760E0A00B27683 /* AliyunLOGiOS.framework in Frameworks */ = {isa = PBXBuildFile; fileRef = D88CBBC921760DF800B27683 /* AliyunLOGiOS.framework */; };
		D88CBBD021760E0A00B27683 /* AliyunLOGiOS.framework in Embed Frameworks */ = {isa = PBXBuildFile; fileRef = D88CBBC921760DF800B27683 /* AliyunLOGiOS.framework */; settings = {ATTRIBUTES = (CodeSignOnCopy, RemoveHeadersOnCopy, ); }; };
/* End PBXBuildFile section */

/* Begin PBXCopyFilesBuildPhase section */
		D88CBBC821760DF000B27683 /* Embed Frameworks */ = {
			isa = PBXCopyFilesBuildPhase;
			buildActionMask = 2147483647;
			dstPath = "";
			dstSubfolderSpec = 10;
			files = (
				D88CBBC721760DF000B27683 /* FMDB.framework in Embed Frameworks */,
				D88CBBCB21760DF800B27683 /* AliyunLOGiOS.framework in Embed Frameworks */,
			);
			name = "Embed Frameworks";
			runOnlyForDeploymentPostprocessing = 0;
		};
		D88CBBCE21760E0200B27683 /* Embed Frameworks */ = {
			isa = PBXCopyFilesBuildPhase;
			buildActionMask = 2147483647;
			dstPath = "";
			dstSubfolderSpec = 10;
			files = (
				D88CBBCD21760E0100B27683 /* FMDB.framework in Embed Frameworks */,
				D88CBBD021760E0A00B27683 /* AliyunLOGiOS.framework in Embed Frameworks */,
			);
			name = "Embed Frameworks";
			runOnlyForDeploymentPostprocessing = 0;
		};
/* End PBXCopyFilesBuildPhase section */

/* Begin PBXFileReference section */
		282E4F751D4F004C00E79DA9 /* AliyunLOGiOSSample.app */ = {isa = PBXFileReference; explicitFileType = wrapper.application; includeInIndex = 0; path = AliyunLOGiOSSample.app; sourceTree = BUILT_PRODUCTS_DIR; };
		D17BF9161FC581F200B77BD7 /* ObjectiveCDemo001.app */ = {isa = PBXFileReference; explicitFileType = wrapper.application; includeInIndex = 0; path = ObjectiveCDemo001.app; sourceTree = BUILT_PRODUCTS_DIR; };
		D17BF9191FC581F200B77BD7 /* main.m */ = {isa = PBXFileReference; lastKnownFileType = sourcecode.c.objc; path = main.m; sourceTree = "<group>"; };
		D17BF91B1FC581F200B77BD7 /* AppDelegate.h */ = {isa = PBXFileReference; lastKnownFileType = sourcecode.c.h; path = AppDelegate.h; sourceTree = "<group>"; };
		D17BF91C1FC581F200B77BD7 /* AppDelegate.m */ = {isa = PBXFileReference; lastKnownFileType = sourcecode.c.objc; path = AppDelegate.m; sourceTree = "<group>"; };
		D17BF91E1FC581F200B77BD7 /* ViewController.h */ = {isa = PBXFileReference; lastKnownFileType = sourcecode.c.h; path = ViewController.h; sourceTree = "<group>"; };
		D17BF91F1FC581F200B77BD7 /* ViewController.m */ = {isa = PBXFileReference; lastKnownFileType = sourcecode.c.objc; path = ViewController.m; sourceTree = "<group>"; };
		D17BF9221FC581F200B77BD7 /* Base */ = {isa = PBXFileReference; lastKnownFileType = file.storyboard; name = Base; path = Base.lproj/Main.storyboard; sourceTree = "<group>"; };
		D17BF9241FC581F200B77BD7 /* Assets.xcassets */ = {isa = PBXFileReference; lastKnownFileType = folder.assetcatalog; path = Assets.xcassets; sourceTree = "<group>"; };
		D17BF9271FC581F200B77BD7 /* Base */ = {isa = PBXFileReference; lastKnownFileType = file.storyboard; name = Base; path = Base.lproj/LaunchScreen.storyboard; sourceTree = "<group>"; };
		D88CBB68217606D100B27683 /* ViewController.swift */ = {isa = PBXFileReference; fileEncoding = 4; lastKnownFileType = sourcecode.swift; path = ViewController.swift; sourceTree = "<group>"; };
		D88CBB69217606D100B27683 /* Assets.xcassets */ = {isa = PBXFileReference; lastKnownFileType = folder.assetcatalog; path = Assets.xcassets; sourceTree = "<group>"; };
		D88CBB6B217606D100B27683 /* Base */ = {isa = PBXFileReference; lastKnownFileType = file.storyboard; name = Base; path = Base.lproj/LaunchScreen.storyboard; sourceTree = "<group>"; };
		D88CBB6D217606D100B27683 /* Base */ = {isa = PBXFileReference; lastKnownFileType = file.storyboard; name = Base; path = Base.lproj/Main.storyboard; sourceTree = "<group>"; };
		D88CBB6E217606D100B27683 /* AppDelegate.swift */ = {isa = PBXFileReference; fileEncoding = 4; lastKnownFileType = sourcecode.swift; path = AppDelegate.swift; sourceTree = "<group>"; };
		D88CBBC521760DF000B27683 /* FMDB.framework */ = {isa = PBXFileReference; explicitFileType = wrapper.framework; path = FMDB.framework; sourceTree = BUILT_PRODUCTS_DIR; };
		D88CBBC921760DF800B27683 /* AliyunLOGiOS.framework */ = {isa = PBXFileReference; explicitFileType = wrapper.framework; path = AliyunLOGiOS.framework; sourceTree = BUILT_PRODUCTS_DIR; };
/* End PBXFileReference section */

/* Begin PBXFrameworksBuildPhase section */
		282E4F721D4F004C00E79DA9 /* Frameworks */ = {
			isa = PBXFrameworksBuildPhase;
			buildActionMask = 2147483647;
			files = (
				D88CBBC621760DF000B27683 /* FMDB.framework in Frameworks */,
				D88CBBCA21760DF800B27683 /* AliyunLOGiOS.framework in Frameworks */,
			);
			runOnlyForDeploymentPostprocessing = 0;
		};
		D17BF9131FC581F200B77BD7 /* Frameworks */ = {
			isa = PBXFrameworksBuildPhase;
			buildActionMask = 2147483647;
			files = (
				D88CBBCC21760E0100B27683 /* FMDB.framework in Frameworks */,
				D88CBBCF21760E0A00B27683 /* AliyunLOGiOS.framework in Frameworks */,
			);
			runOnlyForDeploymentPostprocessing = 0;
		};
/* End PBXFrameworksBuildPhase section */

/* Begin PBXGroup section */
		282E4F6C1D4F004C00E79DA9 = {
			isa = PBXGroup;
			children = (
				D88CBBC921760DF800B27683 /* AliyunLOGiOS.framework */,
				D88CBBC521760DF000B27683 /* FMDB.framework */,
				D88CBB67217606D100B27683 /* AliyunLOGiOSSample */,
				D17BF9171FC581F200B77BD7 /* ObjectiveCDemo001 */,
				282E4F761D4F004C00E79DA9 /* Products */,
			);
			sourceTree = "<group>";
		};
		282E4F761D4F004C00E79DA9 /* Products */ = {
			isa = PBXGroup;
			children = (
				282E4F751D4F004C00E79DA9 /* AliyunLOGiOSSample.app */,
				D17BF9161FC581F200B77BD7 /* ObjectiveCDemo001.app */,
			);
			name = Products;
			sourceTree = "<group>";
		};
		D17BF9171FC581F200B77BD7 /* ObjectiveCDemo001 */ = {
			isa = PBXGroup;
			children = (
				D17BF91B1FC581F200B77BD7 /* AppDelegate.h */,
				D17BF91C1FC581F200B77BD7 /* AppDelegate.m */,
				D17BF91E1FC581F200B77BD7 /* ViewController.h */,
				D17BF91F1FC581F200B77BD7 /* ViewController.m */,
				D17BF9211FC581F200B77BD7 /* Main.storyboard */,
				D17BF9241FC581F200B77BD7 /* Assets.xcassets */,
				D17BF9261FC581F200B77BD7 /* LaunchScreen.storyboard */,
				D17BF9181FC581F200B77BD7 /* Supporting Files */,
			);
			path = ObjectiveCDemo001;
			sourceTree = "<group>";
		};
		D17BF9181FC581F200B77BD7 /* Supporting Files */ = {
			isa = PBXGroup;
			children = (
				D17BF9191FC581F200B77BD7 /* main.m */,
			);
			name = "Supporting Files";
			sourceTree = "<group>";
		};
		D88CBB67217606D100B27683 /* AliyunLOGiOSSample */ = {
			isa = PBXGroup;
			children = (
				D88CBB68217606D100B27683 /* ViewController.swift */,
				D88CBB69217606D100B27683 /* Assets.xcassets */,
				D88CBB6A217606D100B27683 /* LaunchScreen.storyboard */,
				D88CBB6C217606D100B27683 /* Main.storyboard */,
				D88CBB6E217606D100B27683 /* AppDelegate.swift */,
			);
			path = AliyunLOGiOSSample;
			sourceTree = "<group>";
		};
/* End PBXGroup section */

/* Begin PBXNativeTarget section */
		282E4F741D4F004C00E79DA9 /* AliyunLOGiOSSample */ = {
			isa = PBXNativeTarget;
			buildConfigurationList = 282E4F871D4F004C00E79DA9 /* Build configuration list for PBXNativeTarget "AliyunLOGiOSSample" */;
			buildPhases = (
				282E4F711D4F004C00E79DA9 /* Sources */,
				282E4F721D4F004C00E79DA9 /* Frameworks */,
				282E4F731D4F004C00E79DA9 /* Resources */,
				D88CBBC821760DF000B27683 /* Embed Frameworks */,
			);
			buildRules = (
			);
			dependencies = (
			);
			name = AliyunLOGiOSSample;
			productName = AliyunSLSiOSSample;
			productReference = 282E4F751D4F004C00E79DA9 /* AliyunLOGiOSSample.app */;
			productType = "com.apple.product-type.application";
		};
		D17BF9151FC581F200B77BD7 /* ObjectiveCDemo001 */ = {
			isa = PBXNativeTarget;
			buildConfigurationList = D17BF92A1FC581F200B77BD7 /* Build configuration list for PBXNativeTarget "ObjectiveCDemo001" */;
			buildPhases = (
				D17BF9121FC581F200B77BD7 /* Sources */,
				D17BF9131FC581F200B77BD7 /* Frameworks */,
				D17BF9141FC581F200B77BD7 /* Resources */,
				D88CBBCE21760E0200B27683 /* Embed Frameworks */,
			);
			buildRules = (
			);
			dependencies = (
			);
			name = ObjectiveCDemo001;
			productName = ObjectiveCDemo001;
			productReference = D17BF9161FC581F200B77BD7 /* ObjectiveCDemo001.app */;
			productType = "com.apple.product-type.application";
		};
/* End PBXNativeTarget section */

/* Begin PBXProject section */
		282E4F6D1D4F004C00E79DA9 /* Project object */ = {
			isa = PBXProject;
			attributes = {
				LastSwiftUpdateCheck = 0730;
				LastUpgradeCheck = 0800;
				ORGANIZATIONNAME = wangjwchn;
				TargetAttributes = {
					282E4F741D4F004C00E79DA9 = {
						CreatedOnToolsVersion = 7.3.1;
						DevelopmentTeam = 6ND67KCL32;
						LastSwiftMigration = 0810;
					};
					D17BF9151FC581F200B77BD7 = {
						CreatedOnToolsVersion = 8.3.3;
						DevelopmentTeam = HG8JRXJARL;
						ProvisioningStyle = Automatic;
					};
				};
			};
			buildConfigurationList = 282E4F701D4F004C00E79DA9 /* Build configuration list for PBXProject "AliyunLOGiOSSample" */;
			compatibilityVersion = "Xcode 3.2";
			developmentRegion = English;
			hasScannedForEncodings = 0;
			knownRegions = (
				en,
				Base,
			);
			mainGroup = 282E4F6C1D4F004C00E79DA9;
			productRefGroup = 282E4F761D4F004C00E79DA9 /* Products */;
			projectDirPath = "";
			projectRoot = "";
			targets = (
				282E4F741D4F004C00E79DA9 /* AliyunLOGiOSSample */,
				D17BF9151FC581F200B77BD7 /* ObjectiveCDemo001 */,
			);
		};
/* End PBXProject section */

/* Begin PBXResourcesBuildPhase section */
		282E4F731D4F004C00E79DA9 /* Resources */ = {
			isa = PBXResourcesBuildPhase;
			buildActionMask = 2147483647;
			files = (
				D88CBB73217606D100B27683 /* Main.storyboard in Resources */,
				D88CBB71217606D100B27683 /* Assets.xcassets in Resources */,
				D88CBB72217606D100B27683 /* LaunchScreen.storyboard in Resources */,
			);
			runOnlyForDeploymentPostprocessing = 0;
		};
		D17BF9141FC581F200B77BD7 /* Resources */ = {
			isa = PBXResourcesBuildPhase;
			buildActionMask = 2147483647;
			files = (
				D17BF9281FC581F200B77BD7 /* LaunchScreen.storyboard in Resources */,
				D17BF9251FC581F200B77BD7 /* Assets.xcassets in Resources */,
				D17BF9231FC581F200B77BD7 /* Main.storyboard in Resources */,
			);
			runOnlyForDeploymentPostprocessing = 0;
		};
/* End PBXResourcesBuildPhase section */

/* Begin PBXSourcesBuildPhase section */
		282E4F711D4F004C00E79DA9 /* Sources */ = {
			isa = PBXSourcesBuildPhase;
			buildActionMask = 2147483647;
			files = (
				D88CBB74217606D100B27683 /* AppDelegate.swift in Sources */,
				D88CBB70217606D100B27683 /* ViewController.swift in Sources */,
			);
			runOnlyForDeploymentPostprocessing = 0;
		};
		D17BF9121FC581F200B77BD7 /* Sources */ = {
			isa = PBXSourcesBuildPhase;
			buildActionMask = 2147483647;
			files = (
				D17BF9201FC581F200B77BD7 /* ViewController.m in Sources */,
				D17BF91D1FC581F200B77BD7 /* AppDelegate.m in Sources */,
				D17BF91A1FC581F200B77BD7 /* main.m in Sources */,
			);
			runOnlyForDeploymentPostprocessing = 0;
		};
/* End PBXSourcesBuildPhase section */

/* Begin PBXVariantGroup section */
		D17BF9211FC581F200B77BD7 /* Main.storyboard */ = {
			isa = PBXVariantGroup;
			children = (
				D17BF9221FC581F200B77BD7 /* Base */,
			);
			name = Main.storyboard;
			sourceTree = "<group>";
		};
		D17BF9261FC581F200B77BD7 /* LaunchScreen.storyboard */ = {
			isa = PBXVariantGroup;
			children = (
				D17BF9271FC581F200B77BD7 /* Base */,
			);
			name = LaunchScreen.storyboard;
			sourceTree = "<group>";
		};
		D88CBB6A217606D100B27683 /* LaunchScreen.storyboard */ = {
			isa = PBXVariantGroup;
			children = (
				D88CBB6B217606D100B27683 /* Base */,
			);
			name = LaunchScreen.storyboard;
			sourceTree = "<group>";
		};
		D88CBB6C217606D100B27683 /* Main.storyboard */ = {
			isa = PBXVariantGroup;
			children = (
				D88CBB6D217606D100B27683 /* Base */,
			);
			name = Main.storyboard;
			sourceTree = "<group>";
		};
/* End PBXVariantGroup section */

/* Begin XCBuildConfiguration section */
		282E4F851D4F004C00E79DA9 /* Debug */ = {
			isa = XCBuildConfiguration;
			buildSettings = {
				ALWAYS_EMBED_SWIFT_STANDARD_LIBRARIES = YES;
				ALWAYS_SEARCH_USER_PATHS = NO;
				CLANG_ANALYZER_NONNULL = YES;
				CLANG_CXX_LANGUAGE_STANDARD = "gnu++0x";
				CLANG_CXX_LIBRARY = "libc++";
				CLANG_ENABLE_MODULES = YES;
				CLANG_ENABLE_OBJC_ARC = YES;
				CLANG_WARN_BOOL_CONVERSION = YES;
				CLANG_WARN_CONSTANT_CONVERSION = YES;
				CLANG_WARN_DIRECT_OBJC_ISA_USAGE = YES_ERROR;
				CLANG_WARN_EMPTY_BODY = YES;
				CLANG_WARN_ENUM_CONVERSION = YES;
				CLANG_WARN_INFINITE_RECURSION = YES;
				CLANG_WARN_INT_CONVERSION = YES;
				CLANG_WARN_OBJC_ROOT_CLASS = YES_ERROR;
				CLANG_WARN_SUSPICIOUS_MOVE = YES;
				CLANG_WARN_UNREACHABLE_CODE = YES;
				CLANG_WARN__DUPLICATE_METHOD_MATCH = YES;
				"CODE_SIGN_IDENTITY[sdk=iphoneos*]" = "iPhone Developer";
				COPY_PHASE_STRIP = NO;
				DEBUG_INFORMATION_FORMAT = dwarf;
				ENABLE_STRICT_OBJC_MSGSEND = YES;
				ENABLE_TESTABILITY = YES;
				GCC_C_LANGUAGE_STANDARD = gnu99;
				GCC_DYNAMIC_NO_PIC = NO;
				GCC_NO_COMMON_BLOCKS = YES;
				GCC_OPTIMIZATION_LEVEL = 0;
				GCC_PREPROCESSOR_DEFINITIONS = (
					"DEBUG=1",
					"$(inherited)",
				);
				GCC_WARN_64_TO_32_BIT_CONVERSION = YES;
				GCC_WARN_ABOUT_RETURN_TYPE = YES_ERROR;
				GCC_WARN_UNDECLARED_SELECTOR = YES;
				GCC_WARN_UNINITIALIZED_AUTOS = YES_AGGRESSIVE;
				GCC_WARN_UNUSED_FUNCTION = YES;
				GCC_WARN_UNUSED_VARIABLE = YES;
				IPHONEOS_DEPLOYMENT_TARGET = 8.0;
				MTL_ENABLE_DEBUG_INFO = YES;
				ONLY_ACTIVE_ARCH = YES;
				SDKROOT = iphoneos;
				SWIFT_OPTIMIZATION_LEVEL = "-Onone";
				TARGETED_DEVICE_FAMILY = "1,2";
			};
			name = Debug;
		};
		282E4F861D4F004C00E79DA9 /* Release */ = {
			isa = XCBuildConfiguration;
			buildSettings = {
				ALWAYS_EMBED_SWIFT_STANDARD_LIBRARIES = YES;
				ALWAYS_SEARCH_USER_PATHS = NO;
				CLANG_ANALYZER_NONNULL = YES;
				CLANG_CXX_LANGUAGE_STANDARD = "gnu++0x";
				CLANG_CXX_LIBRARY = "libc++";
				CLANG_ENABLE_MODULES = YES;
				CLANG_ENABLE_OBJC_ARC = YES;
				CLANG_WARN_BOOL_CONVERSION = YES;
				CLANG_WARN_CONSTANT_CONVERSION = YES;
				CLANG_WARN_DIRECT_OBJC_ISA_USAGE = YES_ERROR;
				CLANG_WARN_EMPTY_BODY = YES;
				CLANG_WARN_ENUM_CONVERSION = YES;
				CLANG_WARN_INFINITE_RECURSION = YES;
				CLANG_WARN_INT_CONVERSION = YES;
				CLANG_WARN_OBJC_ROOT_CLASS = YES_ERROR;
				CLANG_WARN_SUSPICIOUS_MOVE = YES;
				CLANG_WARN_UNREACHABLE_CODE = YES;
				CLANG_WARN__DUPLICATE_METHOD_MATCH = YES;
				"CODE_SIGN_IDENTITY[sdk=iphoneos*]" = "iPhone Developer";
				COPY_PHASE_STRIP = NO;
				DEBUG_INFORMATION_FORMAT = "dwarf-with-dsym";
				ENABLE_NS_ASSERTIONS = NO;
				ENABLE_STRICT_OBJC_MSGSEND = YES;
				GCC_C_LANGUAGE_STANDARD = gnu99;
				GCC_NO_COMMON_BLOCKS = YES;
				GCC_WARN_64_TO_32_BIT_CONVERSION = YES;
				GCC_WARN_ABOUT_RETURN_TYPE = YES_ERROR;
				GCC_WARN_UNDECLARED_SELECTOR = YES;
				GCC_WARN_UNINITIALIZED_AUTOS = YES_AGGRESSIVE;
				GCC_WARN_UNUSED_FUNCTION = YES;
				GCC_WARN_UNUSED_VARIABLE = YES;
				IPHONEOS_DEPLOYMENT_TARGET = 8.0;
				MTL_ENABLE_DEBUG_INFO = NO;
				SDKROOT = iphoneos;
				SWIFT_OPTIMIZATION_LEVEL = "-Owholemodule";
				TARGETED_DEVICE_FAMILY = "1,2";
				VALIDATE_PRODUCT = YES;
			};
			name = Release;
		};
		282E4F881D4F004C00E79DA9 /* Debug */ = {
			isa = XCBuildConfiguration;
			buildSettings = {
				ASSETCATALOG_COMPILER_APPICON_NAME = AppIcon;
				CLANG_ENABLE_MODULES = YES;
				DEVELOPMENT_TEAM = 6ND67KCL32;
				INFOPLIST_FILE = AliyunLOGiOSSample/Info.plist;
				IPHONEOS_DEPLOYMENT_TARGET = 8.0;
				LD_RUNPATH_SEARCH_PATHS = "$(inherited) @executable_path/Frameworks";
				PRODUCT_BUNDLE_IDENTIFIER = com.aliyun.AliyunLOGiOSSample;
				PRODUCT_NAME = AliyunLOGiOSSample;
				SWIFT_OPTIMIZATION_LEVEL = "-Onone";
				SWIFT_VERSION = 3.0;
			};
			name = Debug;
		};
		282E4F891D4F004C00E79DA9 /* Release */ = {
			isa = XCBuildConfiguration;
			buildSettings = {
				ASSETCATALOG_COMPILER_APPICON_NAME = AppIcon;
				CLANG_ENABLE_MODULES = YES;
				DEVELOPMENT_TEAM = 6ND67KCL32;
				INFOPLIST_FILE = AliyunLOGiOSSample/Info.plist;
				IPHONEOS_DEPLOYMENT_TARGET = 8.0;
				LD_RUNPATH_SEARCH_PATHS = "$(inherited) @executable_path/Frameworks";
				PRODUCT_BUNDLE_IDENTIFIER = com.aliyun.AliyunLOGiOSSample;
				PRODUCT_NAME = AliyunLOGiOSSample;
				SWIFT_VERSION = 3.0;
			};
			name = Release;
		};
		D17BF92B1FC581F200B77BD7 /* Debug */ = {
			isa = XCBuildConfiguration;
			buildSettings = {
				ASSETCATALOG_COMPILER_APPICON_NAME = AppIcon;
				CLANG_ANALYZER_NUMBER_OBJECT_CONVERSION = YES_AGGRESSIVE;
				CLANG_WARN_DOCUMENTATION_COMMENTS = YES;
				DEVELOPMENT_TEAM = HG8JRXJARL;
				INFOPLIST_FILE = ObjectiveCDemo001/Info.plist;
				IPHONEOS_DEPLOYMENT_TARGET = 10.3;
				LD_RUNPATH_SEARCH_PATHS = "$(inherited) @executable_path/Frameworks";
				PRODUCT_BUNDLE_IDENTIFIER = com.zuoqin.demo.ObjectiveCDemo001;
				PRODUCT_NAME = "$(TARGET_NAME)";
			};
			name = Debug;
		};
		D17BF92C1FC581F200B77BD7 /* Release */ = {
			isa = XCBuildConfiguration;
			buildSettings = {
				ASSETCATALOG_COMPILER_APPICON_NAME = AppIcon;
				CLANG_ANALYZER_NUMBER_OBJECT_CONVERSION = YES_AGGRESSIVE;
				CLANG_WARN_DOCUMENTATION_COMMENTS = YES;
				DEVELOPMENT_TEAM = HG8JRXJARL;
				INFOPLIST_FILE = ObjectiveCDemo001/Info.plist;
				IPHONEOS_DEPLOYMENT_TARGET = 10.3;
				LD_RUNPATH_SEARCH_PATHS = "$(inherited) @executable_path/Frameworks";
				PRODUCT_BUNDLE_IDENTIFIER = com.zuoqin.demo.ObjectiveCDemo001;
				PRODUCT_NAME = "$(TARGET_NAME)";
			};
			name = Release;
		};
/* End XCBuildConfiguration section */

/* Begin XCConfigurationList section */
		282E4F701D4F004C00E79DA9 /* Build configuration list for PBXProject "AliyunLOGiOSSample" */ = {
			isa = XCConfigurationList;
			buildConfigurations = (
				282E4F851D4F004C00E79DA9 /* Debug */,
				282E4F861D4F004C00E79DA9 /* Release */,
			);
			defaultConfigurationIsVisible = 0;
			defaultConfigurationName = Release;
		};
		282E4F871D4F004C00E79DA9 /* Build configuration list for PBXNativeTarget "AliyunLOGiOSSample" */ = {
			isa = XCConfigurationList;
			buildConfigurations = (
				282E4F881D4F004C00E79DA9 /* Debug */,
				282E4F891D4F004C00E79DA9 /* Release */,
			);
			defaultConfigurationIsVisible = 0;
			defaultConfigurationName = Release;
		};
		D17BF92A1FC581F200B77BD7 /* Build configuration list for PBXNativeTarget "ObjectiveCDemo001" */ = {
			isa = XCConfigurationList;
			buildConfigurations = (
				D17BF92B1FC581F200B77BD7 /* Debug */,
				D17BF92C1FC581F200B77BD7 /* Release */,
			);
			defaultConfigurationIsVisible = 0;
			defaultConfigurationName = Release;
		};
/* End XCConfigurationList section */
	};
	rootObject = 282E4F6D1D4F004C00E79DA9 /* Project object */;
}
