// !$*UTF8*$!
{
	archiveVersion = 1;
	classes = {
	};
	objectVersion = 46;
	objects = {

/* Begin PBXBuildFile section */
		A587E251EE6ED8BC735ECDF1 /* Pods_ObjectiveCDemo001.framework in Frameworks */ = {isa = PBXBuildFile; fileRef = 0804EE825101B606BE7E85C4 /* Pods_ObjectiveCDemo001.framework */; };
		BAC804CB11E949398C45BCB3 /* Pods_AliyunLOGiOSSample.framework in Frameworks */ = {isa = PBXBuildFile; fileRef = F3E4FB6EB5B136D3F39AAC12 /* Pods_AliyunLOGiOSSample.framework */; };
		D17BF91A1FC581F200B77BD7 /* main.m in Sources */ = {isa = PBXBuildFile; fileRef = D17BF9191FC581F200B77BD7 /* main.m */; };
		D17BF91D1FC581F200B77BD7 /* AppDelegate.m in Sources */ = {isa = PBXBuildFile; fileRef = D17BF91C1FC581F200B77BD7 /* AppDelegate.m */; };
		D17BF9201FC581F200B77BD7 /* ViewController.m in Sources */ = {isa = PBXBuildFile; fileRef = D17BF91F1FC581F200B77BD7 /* ViewController.m */; };
		D17BF9231FC581F200B77BD7 /* Main.storyboard in Resources */ = {isa = PBXBuildFile; fileRef = D17BF9211FC581F200B77BD7 /* Main.storyboard */; };
		D17BF9251FC581F200B77BD7 /* Assets.xcassets in Resources */ = {isa = PBXBuildFile; fileRef = D17BF9241FC581F200B77BD7 /* Assets.xcassets */; };
		D17BF9281FC581F200B77BD7 /* LaunchScreen.storyboard in Resources */ = {isa = PBXBuildFile; fileRef = D17BF9261FC581F200B77BD7 /* LaunchScreen.storyboard */; };
		D84B62152175B7360022CF9A /* ViewController.swift in Sources */ = {isa = PBXBuildFile; fileRef = D84B620D2175B7360022CF9A /* ViewController.swift */; };
		D84B62162175B7360022CF9A /* Assets.xcassets in Resources */ = {isa = PBXBuildFile; fileRef = D84B620E2175B7360022CF9A /* Assets.xcassets */; };
		D84B62172175B7360022CF9A /* LaunchScreen.storyboard in Resources */ = {isa = PBXBuildFile; fileRef = D84B620F2175B7360022CF9A /* LaunchScreen.storyboard */; };
		D84B62182175B7360022CF9A /* Main.storyboard in Resources */ = {isa = PBXBuildFile; fileRef = D84B62112175B7360022CF9A /* Main.storyboard */; };
		D84B62192175B7360022CF9A /* AppDelegate.swift in Sources */ = {isa = PBXBuildFile; fileRef = D84B62132175B7360022CF9A /* AppDelegate.swift */; };
/* End PBXBuildFile section */

/* Begin PBXCopyFilesBuildPhase section */
		D17F05941FC6B3A7009458F8 /* Embed Frameworks */ = {
			isa = PBXCopyFilesBuildPhase;
			buildActionMask = 2147483647;
			dstPath = "";
			dstSubfolderSpec = 10;
			files = (
			);
			name = "Embed Frameworks";
			runOnlyForDeploymentPostprocessing = 0;
		};
		D17F05971FC6B3AF009458F8 /* Embed Frameworks */ = {
			isa = PBXCopyFilesBuildPhase;
			buildActionMask = 2147483647;
			dstPath = "";
			dstSubfolderSpec = 10;
			files = (
			);
			name = "Embed Frameworks";
			runOnlyForDeploymentPostprocessing = 0;
		};
/* End PBXCopyFilesBuildPhase section */

/* Begin PBXFileReference section */
		0804EE825101B606BE7E85C4 /* Pods_ObjectiveCDemo001.framework */ = {isa = PBXFileReference; explicitFileType = wrapper.framework; includeInIndex = 0; path = Pods_ObjectiveCDemo001.framework; sourceTree = BUILT_PRODUCTS_DIR; };
		2385A1CC5DC51EFB33FF14B3 /* Pods-AliyunLOGiOSSample.debug.xcconfig */ = {isa = PBXFileReference; includeInIndex = 1; lastKnownFileType = text.xcconfig; name = "Pods-AliyunLOGiOSSample.debug.xcconfig"; path = "Pods/Target Support Files/Pods-AliyunLOGiOSSample/Pods-AliyunLOGiOSSample.debug.xcconfig"; sourceTree = "<group>"; };
		282E4F751D4F004C00E79DA9 /* AliyunLOGiOSSample.app */ = {isa = PBXFileReference; explicitFileType = wrapper.application; includeInIndex = 0; path = AliyunLOGiOSSample.app; sourceTree = BUILT_PRODUCTS_DIR; };
		3998B09D16CB17C48F16CB1C /* Pods-ObjectiveCDemo001.release.xcconfig */ = {isa = PBXFileReference; includeInIndex = 1; lastKnownFileType = text.xcconfig; name = "Pods-ObjectiveCDemo001.release.xcconfig"; path = "Pods/Target Support Files/Pods-ObjectiveCDemo001/Pods-ObjectiveCDemo001.release.xcconfig"; sourceTree = "<group>"; };
		640165F756F26EB3D221DABD /* Pods-ObjectiveCDemo001.debug.xcconfig */ = {isa = PBXFileReference; includeInIndex = 1; lastKnownFileType = text.xcconfig; name = "Pods-ObjectiveCDemo001.debug.xcconfig"; path = "Pods/Target Support Files/Pods-ObjectiveCDemo001/Pods-ObjectiveCDemo001.debug.xcconfig"; sourceTree = "<group>"; };
		C545F0EB65744185772BE0D6 /* Pods-AliyunLOGiOSSample.release.xcconfig */ = {isa = PBXFileReference; includeInIndex = 1; lastKnownFileType = text.xcconfig; name = "Pods-AliyunLOGiOSSample.release.xcconfig"; path = "Pods/Target Support Files/Pods-AliyunLOGiOSSample/Pods-AliyunLOGiOSSample.release.xcconfig"; sourceTree = "<group>"; };
		D17BF9161FC581F200B77BD7 /* ObjectiveCDemo001.app */ = {isa = PBXFileReference; explicitFileType = wrapper.application; includeInIndex = 0; path = ObjectiveCDemo001.app; sourceTree = BUILT_PRODUCTS_DIR; };
		D17BF9191FC581F200B77BD7 /* main.m */ = {isa = PBXFileReference; lastKnownFileType = sourcecode.c.objc; path = main.m; sourceTree = "<group>"; };
		D17BF91B1FC581F200B77BD7 /* AppDelegate.h */ = {isa = PBXFileReference; lastKnownFileType = sourcecode.c.h; path = AppDelegate.h; sourceTree = "<group>"; };
		D17BF91C1FC581F200B77BD7 /* AppDelegate.m */ = {isa = PBXFileReference; lastKnownFileType = sourcecode.c.objc; path = AppDelegate.m; sourceTree = "<group>"; };
		D17BF91E1FC581F200B77BD7 /* ViewController.h */ = {isa = PBXFileReference; lastKnownFileType = sourcecode.c.h; path = ViewController.h; sourceTree = "<group>"; };
		D17BF91F1FC581F200B77BD7 /* ViewController.m */ = {isa = PBXFileReference; lastKnownFileType = sourcecode.c.objc; path = ViewController.m; sourceTree = "<group>"; };
		D17BF9221FC581F200B77BD7 /* Base */ = {isa = PBXFileReference; lastKnownFileType = file.storyboard; name = Base; path = Base.lproj/Main.storyboard; sourceTree = "<group>"; };
		D17BF9241FC581F200B77BD7 /* Assets.xcassets */ = {isa = PBXFileReference; lastKnownFileType = folder.assetcatalog; path = Assets.xcassets; sourceTree = "<group>"; };
		D17BF9271FC581F200B77BD7 /* Base */ = {isa = PBXFileReference; lastKnownFileType = file.storyboard; name = Base; path = Base.lproj/LaunchScreen.storyboard; sourceTree = "<group>"; };
		D84B620D2175B7360022CF9A /* ViewController.swift */ = {isa = PBXFileReference; fileEncoding = 4; lastKnownFileType = sourcecode.swift; path = ViewController.swift; sourceTree = "<group>"; };
		D84B620E2175B7360022CF9A /* Assets.xcassets */ = {isa = PBXFileReference; lastKnownFileType = folder.assetcatalog; path = Assets.xcassets; sourceTree = "<group>"; };
		D84B62102175B7360022CF9A /* Base */ = {isa = PBXFileReference; lastKnownFileType = file.storyboard; name = Base; path = Base.lproj/LaunchScreen.storyboard; sourceTree = "<group>"; };
		D84B62122175B7360022CF9A /* Base */ = {isa = PBXFileReference; lastKnownFileType = file.storyboard; name = Base; path = Base.lproj/Main.storyboard; sourceTree = "<group>"; };
		D84B62132175B7360022CF9A /* AppDelegate.swift */ = {isa = PBXFileReference; fileEncoding = 4; lastKnownFileType = sourcecode.swift; path = AppDelegate.swift; sourceTree = "<group>"; };
		F3E4FB6EB5B136D3F39AAC12 /* Pods_AliyunLOGiOSSample.framework */ = {isa = PBXFileReference; explicitFileType = wrapper.framework; includeInIndex = 0; path = Pods_AliyunLOGiOSSample.framework; sourceTree = BUILT_PRODUCTS_DIR; };
/* End PBXFileReference section */

/* Begin PBXFrameworksBuildPhase section */
		282E4F721D4F004C00E79DA9 /* Frameworks */ = {
			isa = PBXFrameworksBuildPhase;
			buildActionMask = 2147483647;
			files = (
				BAC804CB11E949398C45BCB3 /* Pods_AliyunLOGiOSSample.framework in Frameworks */,
			);
			runOnlyForDeploymentPostprocessing = 0;
		};
		D17BF9131FC581F200B77BD7 /* Frameworks */ = {
			isa = PBXFrameworksBuildPhase;
			buildActionMask = 2147483647;
			files = (
				A587E251EE6ED8BC735ECDF1 /* Pods_ObjectiveCDemo001.framework in Frameworks */,
			);
			runOnlyForDeploymentPostprocessing = 0;
		};
/* End PBXFrameworksBuildPhase section */

/* Begin PBXGroup section */
		282E4F6C1D4F004C00E79DA9 = {
			isa = PBXGroup;
			children = (
				D84B620C2175B7360022CF9A /* AliyunLOGiOSSample */,
				D17BF9171FC581F200B77BD7 /* ObjectiveCDemo001 */,
				282E4F761D4F004C00E79DA9 /* Products */,
				9E1D8C124EA1154B2A9A030B /* Pods */,
				D3804E3749BDA1CF129D87B8 /* Frameworks */,
			);
			sourceTree = "<group>";
		};
		282E4F761D4F004C00E79DA9 /* Products */ = {
			isa = PBXGroup;
			children = (
				282E4F751D4F004C00E79DA9 /* AliyunLOGiOSSample.app */,
				D17BF9161FC581F200B77BD7 /* ObjectiveCDemo001.app */,
			);
			name = Products;
			sourceTree = "<group>";
		};
		9E1D8C124EA1154B2A9A030B /* Pods */ = {
			isa = PBXGroup;
			children = (
				2385A1CC5DC51EFB33FF14B3 /* Pods-AliyunLOGiOSSample.debug.xcconfig */,
				C545F0EB65744185772BE0D6 /* Pods-AliyunLOGiOSSample.release.xcconfig */,
				640165F756F26EB3D221DABD /* Pods-ObjectiveCDemo001.debug.xcconfig */,
				3998B09D16CB17C48F16CB1C /* Pods-ObjectiveCDemo001.release.xcconfig */,
			);
			name = Pods;
			sourceTree = "<group>";
		};
		D17BF9171FC581F200B77BD7 /* ObjectiveCDemo001 */ = {
			isa = PBXGroup;
			children = (
				D17BF91B1FC581F200B77BD7 /* AppDelegate.h */,
				D17BF91C1FC581F200B77BD7 /* AppDelegate.m */,
				D17BF91E1FC581F200B77BD7 /* ViewController.h */,
				D17BF91F1FC581F200B77BD7 /* ViewController.m */,
				D17BF9211FC581F200B77BD7 /* Main.storyboard */,
				D17BF9241FC581F200B77BD7 /* Assets.xcassets */,
				D17BF9261FC581F200B77BD7 /* LaunchScreen.storyboard */,
				D17BF9181FC581F200B77BD7 /* Supporting Files */,
			);
			path = ObjectiveCDemo001;
			sourceTree = "<group>";
		};
		D17BF9181FC581F200B77BD7 /* Supporting Files */ = {
			isa = PBXGroup;
			children = (
				D17BF9191FC581F200B77BD7 /* main.m */,
			);
			name = "Supporting Files";
			sourceTree = "<group>";
		};
		D3804E3749BDA1CF129D87B8 /* Frameworks */ = {
			isa = PBXGroup;
			children = (
				F3E4FB6EB5B136D3F39AAC12 /* Pods_AliyunLOGiOSSample.framework */,
				0804EE825101B606BE7E85C4 /* Pods_ObjectiveCDemo001.framework */,
			);
			name = Frameworks;
			sourceTree = "<group>";
		};
		D84B620C2175B7360022CF9A /* AliyunLOGiOSSample */ = {
			isa = PBXGroup;
			children = (
				D84B620D2175B7360022CF9A /* ViewController.swift */,
				D84B620E2175B7360022CF9A /* Assets.xcassets */,
				D84B620F2175B7360022CF9A /* LaunchScreen.storyboard */,
				D84B62112175B7360022CF9A /* Main.storyboard */,
				D84B62132175B7360022CF9A /* AppDelegate.swift */,
			);
			path = AliyunLOGiOSSample;
			sourceTree = "<group>";
		};
/* End PBXGroup section */

/* Begin PBXNativeTarget section */
		282E4F741D4F004C00E79DA9 /* AliyunLOGiOSSample */ = {
			isa = PBXNativeTarget;
			buildConfigurationList = 282E4F871D4F004C00E79DA9 /* Build configuration list for PBXNativeTarget "AliyunLOGiOSSample" */;
			buildPhases = (
				12451452B6D1D3E219B19C12 /* [CP] Check Pods Manifest.lock */,
				282E4F711D4F004C00E79DA9 /* Sources */,
				282E4F721D4F004C00E79DA9 /* Frameworks */,
				282E4F731D4F004C00E79DA9 /* Resources */,
				D17F05941FC6B3A7009458F8 /* Embed Frameworks */,
				1326F87C37560C21235FD3A7 /* [CP] Embed Pods Frameworks */,
			);
			buildRules = (
			);
			dependencies = (
			);
			name = AliyunLOGiOSSample;
			productName = AliyunSLSiOSSample;
			productReference = 282E4F751D4F004C00E79DA9 /* AliyunLOGiOSSample.app */;
			productType = "com.apple.product-type.application";
		};
		D17BF9151FC581F200B77BD7 /* ObjectiveCDemo001 */ = {
			isa = PBXNativeTarget;
			buildConfigurationList = D17BF92A1FC581F200B77BD7 /* Build configuration list for PBXNativeTarget "ObjectiveCDemo001" */;
			buildPhases = (
				35F3D145F765977BEEB5CA6E /* [CP] Check Pods Manifest.lock */,
				D17BF9121FC581F200B77BD7 /* Sources */,
				D17BF9131FC581F200B77BD7 /* Frameworks */,
				D17BF9141FC581F200B77BD7 /* Resources */,
				D17F05971FC6B3AF009458F8 /* Embed Frameworks */,
				FDCE861C227970E811031CAA /* [CP] Embed Pods Frameworks */,
			);
			buildRules = (
			);
			dependencies = (
			);
			name = ObjectiveCDemo001;
			productName = ObjectiveCDemo001;
			productReference = D17BF9161FC581F200B77BD7 /* ObjectiveCDemo001.app */;
			productType = "com.apple.product-type.application";
		};
/* End PBXNativeTarget section */

/* Begin PBXProject section */
		282E4F6D1D4F004C00E79DA9 /* Project object */ = {
			isa = PBXProject;
			attributes = {
				LastSwiftUpdateCheck = 0730;
				LastUpgradeCheck = 0800;
				ORGANIZATIONNAME = wangjwchn;
				TargetAttributes = {
					282E4F741D4F004C00E79DA9 = {
						CreatedOnToolsVersion = 7.3.1;
						LastSwiftMigration = 0810;
						ProvisioningStyle = Manual;
					};
					D17BF9151FC581F200B77BD7 = {
						CreatedOnToolsVersion = 8.3.3;
						ProvisioningStyle = Manual;
					};
				};
			};
			buildConfigurationList = 282E4F701D4F004C00E79DA9 /* Build configuration list for PBXProject "AliyunLOGiOSSample" */;
			compatibilityVersion = "Xcode 3.2";
			developmentRegion = English;
			hasScannedForEncodings = 0;
			knownRegions = (
				en,
				Base,
			);
			mainGroup = 282E4F6C1D4F004C00E79DA9;
			productRefGroup = 282E4F761D4F004C00E79DA9 /* Products */;
			projectDirPath = "";
			projectRoot = "";
			targets = (
				282E4F741D4F004C00E79DA9 /* AliyunLOGiOSSample */,
				D17BF9151FC581F200B77BD7 /* ObjectiveCDemo001 */,
			);
		};
/* End PBXProject section */

/* Begin PBXResourcesBuildPhase section */
		282E4F731D4F004C00E79DA9 /* Resources */ = {
			isa = PBXResourcesBuildPhase;
			buildActionMask = 2147483647;
			files = (
				D84B62182175B7360022CF9A /* Main.storyboard in Resources */,
				D84B62162175B7360022CF9A /* Assets.xcassets in Resources */,
				D84B62172175B7360022CF9A /* LaunchScreen.storyboard in Resources */,
			);
			runOnlyForDeploymentPostprocessing = 0;
		};
		D17BF9141FC581F200B77BD7 /* Resources */ = {
			isa = PBXResourcesBuildPhase;
			buildActionMask = 2147483647;
			files = (
				D17BF9281FC581F200B77BD7 /* LaunchScreen.storyboard in Resources */,
				D17BF9251FC581F200B77BD7 /* Assets.xcassets in Resources */,
				D17BF9231FC581F200B77BD7 /* Main.storyboard in Resources */,
			);
			runOnlyForDeploymentPostprocessing = 0;
		};
/* End PBXResourcesBuildPhase section */

/* Begin PBXShellScriptBuildPhase section */
		12451452B6D1D3E219B19C12 /* [CP] Check Pods Manifest.lock */ = {
			isa = PBXShellScriptBuildPhase;
			buildActionMask = 2147483647;
			files = (
			);
			inputPaths = (
				"${PODS_PODFILE_DIR_PATH}/Podfile.lock",
				"${PODS_ROOT}/Manifest.lock",
			);
			name = "[CP] Check Pods Manifest.lock";
			outputPaths = (
				"$(DERIVED_FILE_DIR)/Pods-AliyunLOGiOSSample-checkManifestLockResult.txt",
			);
			runOnlyForDeploymentPostprocessing = 0;
			shellPath = /bin/sh;
			shellScript = "diff \"${PODS_PODFILE_DIR_PATH}/Podfile.lock\" \"${PODS_ROOT}/Manifest.lock\" > /dev/null\nif [ $? != 0 ] ; then\n    # print error to STDERR\n    echo \"error: The sandbox is not in sync with the Podfile.lock. Run 'pod install' or update your CocoaPods installation.\" >&2\n    exit 1\nfi\n# This output is used by Xcode 'outputs' to avoid re-running this script phase.\necho \"SUCCESS\" > \"${SCRIPT_OUTPUT_FILE_0}\"\n";
			showEnvVarsInLog = 0;
		};
		1326F87C37560C21235FD3A7 /* [CP] Embed Pods Frameworks */ = {
			isa = PBXShellScriptBuildPhase;
			buildActionMask = 2147483647;
			files = (
			);
			inputPaths = (
				"${SRCROOT}/Pods/Target Support Files/Pods-AliyunLOGiOSSample/Pods-AliyunLOGiOSSample-frameworks.sh",
				"${BUILT_PRODUCTS_DIR}/AliyunLOGiOS/AliyunLOGiOS.framework",
				"${BUILT_PRODUCTS_DIR}/FMDB/FMDB.framework",
			);
			name = "[CP] Embed Pods Frameworks";
			outputPaths = (
				"${TARGET_BUILD_DIR}/${FRAMEWORKS_FOLDER_PATH}/AliyunLOGiOS.framework",
				"${TARGET_BUILD_DIR}/${FRAMEWORKS_FOLDER_PATH}/FMDB.framework",
			);
			runOnlyForDeploymentPostprocessing = 0;
			shellPath = /bin/sh;
			shellScript = "\"${SRCROOT}/Pods/Target Support Files/Pods-AliyunLOGiOSSample/Pods-AliyunLOGiOSSample-frameworks.sh\"\n";
			showEnvVarsInLog = 0;
		};
		35F3D145F765977BEEB5CA6E /* [CP] Check Pods Manifest.lock */ = {
			isa = PBXShellScriptBuildPhase;
			buildActionMask = 2147483647;
			files = (
			);
			inputPaths = (
				"${PODS_PODFILE_DIR_PATH}/Podfile.lock",
				"${PODS_ROOT}/Manifest.lock",
			);
			name = "[CP] Check Pods Manifest.lock";
			outputPaths = (
				"$(DERIVED_FILE_DIR)/Pods-ObjectiveCDemo001-checkManifestLockResult.txt",
			);
			runOnlyForDeploymentPostprocessing = 0;
			shellPath = /bin/sh;
			shellScript = "diff \"${PODS_PODFILE_DIR_PATH}/Podfile.lock\" \"${PODS_ROOT}/Manifest.lock\" > /dev/null\nif [ $? != 0 ] ; then\n    # print error to STDERR\n    echo \"error: The sandbox is not in sync with the Podfile.lock. Run 'pod install' or update your CocoaPods installation.\" >&2\n    exit 1\nfi\n# This output is used by Xcode 'outputs' to avoid re-running this script phase.\necho \"SUCCESS\" > \"${SCRIPT_OUTPUT_FILE_0}\"\n";
			showEnvVarsInLog = 0;
		};
		FDCE861C227970E811031CAA /* [CP] Embed Pods Frameworks */ = {
			isa = PBXShellScriptBuildPhase;
			buildActionMask = 2147483647;
			files = (
			);
			inputPaths = (
				"${SRCROOT}/Pods/Target Support Files/Pods-ObjectiveCDemo001/Pods-ObjectiveCDemo001-frameworks.sh",
				"${BUILT_PRODUCTS_DIR}/AliyunLOGiOS/AliyunLOGiOS.framework",
				"${BUILT_PRODUCTS_DIR}/FMDB/FMDB.framework",
			);
			name = "[CP] Embed Pods Frameworks";
			outputPaths = (
				"${TARGET_BUILD_DIR}/${FRAMEWORKS_FOLDER_PATH}/AliyunLOGiOS.framework",
				"${TARGET_BUILD_DIR}/${FRAMEWORKS_FOLDER_PATH}/FMDB.framework",
			);
			runOnlyForDeploymentPostprocessing = 0;
			shellPath = /bin/sh;
			shellScript = "\"${SRCROOT}/Pods/Target Support Files/Pods-ObjectiveCDemo001/Pods-ObjectiveCDemo001-frameworks.sh\"\n";
			showEnvVarsInLog = 0;
		};
/* End PBXShellScriptBuildPhase section */

/* Begin PBXSourcesBuildPhase section */
		282E4F711D4F004C00E79DA9 /* Sources */ = {
			isa = PBXSourcesBuildPhase;
			buildActionMask = 2147483647;
			files = (
				D84B62192175B7360022CF9A /* AppDelegate.swift in Sources */,
				D84B62152175B7360022CF9A /* ViewController.swift in Sources */,
			);
			runOnlyForDeploymentPostprocessing = 0;
		};
		D17BF9121FC581F200B77BD7 /* Sources */ = {
			isa = PBXSourcesBuildPhase;
			buildActionMask = 2147483647;
			files = (
				D17BF9201FC581F200B77BD7 /* ViewController.m in Sources */,
				D17BF91D1FC581F200B77BD7 /* AppDelegate.m in Sources */,
				D17BF91A1FC581F200B77BD7 /* main.m in Sources */,
			);
			runOnlyForDeploymentPostprocessing = 0;
		};
/* End PBXSourcesBuildPhase section */

/* Begin PBXVariantGroup section */
		D17BF9211FC581F200B77BD7 /* Main.storyboard */ = {
			isa = PBXVariantGroup;
			children = (
				D17BF9221FC581F200B77BD7 /* Base */,
			);
			name = Main.storyboard;
			sourceTree = "<group>";
		};
		D17BF9261FC581F200B77BD7 /* LaunchScreen.storyboard */ = {
			isa = PBXVariantGroup;
			children = (
				D17BF9271FC581F200B77BD7 /* Base */,
			);
			name = LaunchScreen.storyboard;
			sourceTree = "<group>";
		};
		D84B620F2175B7360022CF9A /* LaunchScreen.storyboard */ = {
			isa = PBXVariantGroup;
			children = (
				D84B62102175B7360022CF9A /* Base */,
			);
			name = LaunchScreen.storyboard;
			sourceTree = "<group>";
		};
		D84B62112175B7360022CF9A /* Main.storyboard */ = {
			isa = PBXVariantGroup;
			children = (
				D84B62122175B7360022CF9A /* Base */,
			);
			name = Main.storyboard;
			sourceTree = "<group>";
		};
/* End PBXVariantGroup section */

/* Begin XCBuildConfiguration section */
		282E4F851D4F004C00E79DA9 /* Debug */ = {
			isa = XCBuildConfiguration;
			buildSettings = {
				ALWAYS_EMBED_SWIFT_STANDARD_LIBRARIES = YES;
				ALWAYS_SEARCH_USER_PATHS = NO;
				CLANG_ANALYZER_NONNULL = YES;
				CLANG_CXX_LANGUAGE_STANDARD = "gnu++0x";
				CLANG_CXX_LIBRARY = "libc++";
				CLANG_ENABLE_MODULES = YES;
				CLANG_ENABLE_OBJC_ARC = YES;
				CLANG_WARN_BOOL_CONVERSION = YES;
				CLANG_WARN_CONSTANT_CONVERSION = YES;
				CLANG_WARN_DIRECT_OBJC_ISA_USAGE = YES_ERROR;
				CLANG_WARN_EMPTY_BODY = YES;
				CLANG_WARN_ENUM_CONVERSION = YES;
				CLANG_WARN_INFINITE_RECURSION = YES;
				CLANG_WARN_INT_CONVERSION = YES;
				CLANG_WARN_OBJC_ROOT_CLASS = YES_ERROR;
				CLANG_WARN_SUSPICIOUS_MOVE = YES;
				CLANG_WARN_UNREACHABLE_CODE = YES;
				CLANG_WARN__DUPLICATE_METHOD_MATCH = YES;
				"CODE_SIGN_IDENTITY[sdk=iphoneos*]" = "iPhone Developer";
				COPY_PHASE_STRIP = NO;
				DEBUG_INFORMATION_FORMAT = dwarf;
				ENABLE_STRICT_OBJC_MSGSEND = YES;
				ENABLE_TESTABILITY = YES;
				GCC_C_LANGUAGE_STANDARD = gnu99;
				GCC_DYNAMIC_NO_PIC = NO;
				GCC_NO_COMMON_BLOCKS = YES;
				GCC_OPTIMIZATION_LEVEL = 0;
				GCC_PREPROCESSOR_DEFINITIONS = (
					"DEBUG=1",
					"$(inherited)",
				);
				GCC_WARN_64_TO_32_BIT_CONVERSION = YES;
				GCC_WARN_ABOUT_RETURN_TYPE = YES_ERROR;
				GCC_WARN_UNDECLARED_SELECTOR = YES;
				GCC_WARN_UNINITIALIZED_AUTOS = YES_AGGRESSIVE;
				GCC_WARN_UNUSED_FUNCTION = YES;
				GCC_WARN_UNUSED_VARIABLE = YES;
				IPHONEOS_DEPLOYMENT_TARGET = 8.0;
				MTL_ENABLE_DEBUG_INFO = YES;
				ONLY_ACTIVE_ARCH = YES;
				SDKROOT = iphoneos;
				SWIFT_OPTIMIZATION_LEVEL = "-Onone";
				TARGETED_DEVICE_FAMILY = "1,2";
			};
			name = Debug;
		};
		282E4F861D4F004C00E79DA9 /* Release */ = {
			isa = XCBuildConfiguration;
			buildSettings = {
				ALWAYS_EMBED_SWIFT_STANDARD_LIBRARIES = YES;
				ALWAYS_SEARCH_USER_PATHS = NO;
				CLANG_ANALYZER_NONNULL = YES;
				CLANG_CXX_LANGUAGE_STANDARD = "gnu++0x";
				CLANG_CXX_LIBRARY = "libc++";
				CLANG_ENABLE_MODULES = YES;
				CLANG_ENABLE_OBJC_ARC = YES;
				CLANG_WARN_BOOL_CONVERSION = YES;
				CLANG_WARN_CONSTANT_CONVERSION = YES;
				CLANG_WARN_DIRECT_OBJC_ISA_USAGE = YES_ERROR;
				CLANG_WARN_EMPTY_BODY = YES;
				CLANG_WARN_ENUM_CONVERSION = YES;
				CLANG_WARN_INFINITE_RECURSION = YES;
				CLANG_WARN_INT_CONVERSION = YES;
				CLANG_WARN_OBJC_ROOT_CLASS = YES_ERROR;
				CLANG_WARN_SUSPICIOUS_MOVE = YES;
				CLANG_WARN_UNREACHABLE_CODE = YES;
				CLANG_WARN__DUPLICATE_METHOD_MATCH = YES;
				"CODE_SIGN_IDENTITY[sdk=iphoneos*]" = "iPhone Developer";
				COPY_PHASE_STRIP = NO;
				DEBUG_INFORMATION_FORMAT = "dwarf-with-dsym";
				ENABLE_NS_ASSERTIONS = NO;
				ENABLE_STRICT_OBJC_MSGSEND = YES;
				GCC_C_LANGUAGE_STANDARD = gnu99;
				GCC_NO_COMMON_BLOCKS = YES;
				GCC_WARN_64_TO_32_BIT_CONVERSION = YES;
				GCC_WARN_ABOUT_RETURN_TYPE = YES_ERROR;
				GCC_WARN_UNDECLARED_SELECTOR = YES;
				GCC_WARN_UNINITIALIZED_AUTOS = YES_AGGRESSIVE;
				GCC_WARN_UNUSED_FUNCTION = YES;
				GCC_WARN_UNUSED_VARIABLE = YES;
				IPHONEOS_DEPLOYMENT_TARGET = 8.0;
				MTL_ENABLE_DEBUG_INFO = NO;
				SDKROOT = iphoneos;
				SWIFT_OPTIMIZATION_LEVEL = "-Owholemodule";
				TARGETED_DEVICE_FAMILY = "1,2";
				VALIDATE_PRODUCT = YES;
			};
			name = Release;
		};
		282E4F881D4F004C00E79DA9 /* Debug */ = {
			isa = XCBuildConfiguration;
			baseConfigurationReference = 2385A1CC5DC51EFB33FF14B3 /* Pods-AliyunLOGiOSSample.debug.xcconfig */;
			buildSettings = {
				ASSETCATALOG_COMPILER_APPICON_NAME = AppIcon;
				CLANG_ENABLE_MODULES = YES;
				CODE_SIGN_STYLE = Manual;
				DEVELOPMENT_TEAM = "";
				INFOPLIST_FILE = AliyunLOGiOSSample/Info.plist;
				IPHONEOS_DEPLOYMENT_TARGET = 8.0;
				LD_RUNPATH_SEARCH_PATHS = "$(inherited) @executable_path/Frameworks";
				PRODUCT_BUNDLE_IDENTIFIER = com.aliyun.AliyunLOGiOSSample;
				PRODUCT_NAME = AliyunLOGiOSSample;
				PROVISIONING_PROFILE_SPECIFIER = "";
				SWIFT_OPTIMIZATION_LEVEL = "-Onone";
				SWIFT_VERSION = 3.0;
			};
			name = Debug;
		};
		282E4F891D4F004C00E79DA9 /* Release */ = {
			isa = XCBuildConfiguration;
			baseConfigurationReference = C545F0EB65744185772BE0D6 /* Pods-AliyunLOGiOSSample.release.xcconfig */;
			buildSettings = {
				ASSETCATALOG_COMPILER_APPICON_NAME = AppIcon;
				CLANG_ENABLE_MODULES = YES;
				CODE_SIGN_STYLE = Manual;
				DEVELOPMENT_TEAM = "";
				INFOPLIST_FILE = AliyunLOGiOSSample/Info.plist;
				IPHONEOS_DEPLOYMENT_TARGET = 8.0;
				LD_RUNPATH_SEARCH_PATHS = "$(inherited) @executable_path/Frameworks";
				PRODUCT_BUNDLE_IDENTIFIER = com.aliyun.AliyunLOGiOSSample;
				PRODUCT_NAME = AliyunLOGiOSSample;
				PROVISIONING_PROFILE_SPECIFIER = "";
				SWIFT_VERSION = 3.0;
			};
			name = Release;
		};
		D17BF92B1FC581F200B77BD7 /* Debug */ = {
			isa = XCBuildConfiguration;
			baseConfigurationReference = 640165F756F26EB3D221DABD /* Pods-ObjectiveCDemo001.debug.xcconfig */;
			buildSettings = {
				ALWAYS_EMBED_SWIFT_STANDARD_LIBRARIES = YES;
				ASSETCATALOG_COMPILER_APPICON_NAME = AppIcon;
				CLANG_ANALYZER_NUMBER_OBJECT_CONVERSION = YES_AGGRESSIVE;
				CLANG_WARN_DOCUMENTATION_COMMENTS = YES;
				CODE_SIGN_STYLE = Manual;
				DEVELOPMENT_TEAM = "";
				INFOPLIST_FILE = ObjectiveCDemo001/Info.plist;
				IPHONEOS_DEPLOYMENT_TARGET = 10.3;
				LD_RUNPATH_SEARCH_PATHS = "$(inherited) @executable_path/Frameworks";
				PRODUCT_BUNDLE_IDENTIFIER = com.zuoqin.demo.ObjectiveCDemo001;
				PRODUCT_NAME = "$(TARGET_NAME)";
				PROVISIONING_PROFILE_SPECIFIER = "";
			};
			name = Debug;
		};
		D17BF92C1FC581F200B77BD7 /* Release */ = {
			isa = XCBuildConfiguration;
			baseConfigurationReference = 3998B09D16CB17C48F16CB1C /* Pods-ObjectiveCDemo001.release.xcconfig */;
			buildSettings = {
				ALWAYS_EMBED_SWIFT_STANDARD_LIBRARIES = YES;
				ASSETCATALOG_COMPILER_APPICON_NAME = AppIcon;
				CLANG_ANALYZER_NUMBER_OBJECT_CONVERSION = YES_AGGRESSIVE;
				CLANG_WARN_DOCUMENTATION_COMMENTS = YES;
				CODE_SIGN_STYLE = Manual;
				DEVELOPMENT_TEAM = "";
				INFOPLIST_FILE = ObjectiveCDemo001/Info.plist;
				IPHONEOS_DEPLOYMENT_TARGET = 10.3;
				LD_RUNPATH_SEARCH_PATHS = "$(inherited) @executable_path/Frameworks";
				PRODUCT_BUNDLE_IDENTIFIER = com.zuoqin.demo.ObjectiveCDemo001;
				PRODUCT_NAME = "$(TARGET_NAME)";
				PROVISIONING_PROFILE_SPECIFIER = "";
			};
			name = Release;
		};
/* End XCBuildConfiguration section */

/* Begin XCConfigurationList section */
		282E4F701D4F004C00E79DA9 /* Build configuration list for PBXProject "AliyunLOGiOSSample" */ = {
			isa = XCConfigurationList;
			buildConfigurations = (
				282E4F851D4F004C00E79DA9 /* Debug */,
				282E4F861D4F004C00E79DA9 /* Release */,
			);
			defaultConfigurationIsVisible = 0;
			defaultConfigurationName = Release;
		};
		282E4F871D4F004C00E79DA9 /* Build configuration list for PBXNativeTarget "AliyunLOGiOSSample" */ = {
			isa = XCConfigurationList;
			buildConfigurations = (
				282E4F881D4F004C00E79DA9 /* Debug */,
				282E4F891D4F004C00E79DA9 /* Release */,
			);
			defaultConfigurationIsVisible = 0;
			defaultConfigurationName = Release;
		};
		D17BF92A1FC581F200B77BD7 /* Build configuration list for PBXNativeTarget "ObjectiveCDemo001" */ = {
			isa = XCConfigurationList;
			buildConfigurations = (
				D17BF92B1FC581F200B77BD7 /* Debug */,
				D17BF92C1FC581F200B77BD7 /* Release */,
			);
			defaultConfigurationIsVisible = 0;
			defaultConfigurationName = Release;
		};
/* End XCConfigurationList section */
	};
	rootObject = 282E4F6D1D4F004C00E79DA9 /* Project object */;
}
