// !$*UTF8*$!
{
	archiveVersion = 1;
	classes = {
	};
	objectVersion = 50;
	objects = {

/* Begin PBXBuildFile section */
		9D0CAEEF252177D800A4985A /* libz.tbd in Frameworks */ = {isa = PBXBuildFile; fileRef = 9D0CAEEE252177D800A4985A /* libz.tbd */; };
		9D0CAEF325217AA400A4985A /* LogProducerConfig.h in Headers */ = {isa = PBXBuildFile; fileRef = 9D984F022520B137009DE4FE /* LogProducerConfig.h */; settings = {ATTRIBUTES = (Public, ); }; };
		9D2468922577848D0031EB1F /* sha1.h in Headers */ = {isa = PBXBuildFile; fileRef = 9D24686B2577848C0031EB1F /* sha1.h */; };
		9D2468932577848D0031EB1F /* log_producer_sender.c in Sources */ = {isa = PBXBuildFile; fileRef = 9D24686C2577848C0031EB1F /* log_producer_sender.c */; };
		9D2468942577848D0031EB1F /* inner_log.c in Sources */ = {isa = PBXBuildFile; fileRef = 9D24686D2577848C0031EB1F /* inner_log.c */; };
		9D2468952577848D0031EB1F /* sha1.c in Sources */ = {isa = PBXBuildFile; fileRef = 9D24686E2577848C0031EB1F /* sha1.c */; };
		9D2468962577848D0031EB1F /* log_multi_thread.h in Headers */ = {isa = PBXBuildFile; fileRef = 9D24686F2577848C0031EB1F /* log_multi_thread.h */; settings = {ATTRIBUTES = (Public, ); }; };
		9D2468972577848D0031EB1F /* log_ring_file.c in Sources */ = {isa = PBXBuildFile; fileRef = 9D2468702577848C0031EB1F /* log_ring_file.c */; };
		9D2468982577848D0031EB1F /* log_persistent_manager.c in Sources */ = {isa = PBXBuildFile; fileRef = 9D2468712577848C0031EB1F /* log_persistent_manager.c */; };
		9D2468992577848D0031EB1F /* log_producer_common.h in Headers */ = {isa = PBXBuildFile; fileRef = 9D2468722577848C0031EB1F /* log_producer_common.h */; settings = {ATTRIBUTES = (Public, ); }; };
		9D24689A2577848D0031EB1F /* log_util.h in Headers */ = {isa = PBXBuildFile; fileRef = 9D2468732577848C0031EB1F /* log_util.h */; };
		9D24689B2577848D0031EB1F /* log_builder.h in Headers */ = {isa = PBXBuildFile; fileRef = 9D2468742577848C0031EB1F /* log_builder.h */; };
		9D24689C2577848D0031EB1F /* log_http_interface.c in Sources */ = {isa = PBXBuildFile; fileRef = 9D2468752577848C0031EB1F /* log_http_interface.c */; };
		9D24689D2577848D0031EB1F /* log_producer_client.c in Sources */ = {isa = PBXBuildFile; fileRef = 9D2468762577848C0031EB1F /* log_producer_client.c */; };
		9D24689E2577848D0031EB1F /* sds.c in Sources */ = {isa = PBXBuildFile; fileRef = 9D2468772577848C0031EB1F /* sds.c */; };
		9D24689F2577848D0031EB1F /* log_queue.c in Sources */ = {isa = PBXBuildFile; fileRef = 9D2468782577848C0031EB1F /* log_queue.c */; };
		9D2468A02577848D0031EB1F /* lz4.c in Sources */ = {isa = PBXBuildFile; fileRef = 9D2468792577848C0031EB1F /* lz4.c */; };
		9D2468A12577848D0031EB1F /* sds.h in Headers */ = {isa = PBXBuildFile; fileRef = 9D24687A2577848C0031EB1F /* sds.h */; };
		9D2468A22577848D0031EB1F /* log_builder.c in Sources */ = {isa = PBXBuildFile; fileRef = 9D24687B2577848C0031EB1F /* log_builder.c */; };
		9D2468A32577848D0031EB1F /* md5.c in Sources */ = {isa = PBXBuildFile; fileRef = 9D24687C2577848C0031EB1F /* md5.c */; };
		9D2468A42577848D0031EB1F /* log_producer_config.h in Headers */ = {isa = PBXBuildFile; fileRef = 9D24687D2577848C0031EB1F /* log_producer_config.h */; settings = {ATTRIBUTES = (Public, ); }; };
		9D2468A52577848D0031EB1F /* log_persistent_manager.h in Headers */ = {isa = PBXBuildFile; fileRef = 9D24687E2577848C0031EB1F /* log_persistent_manager.h */; };
		9D2468A62577848D0031EB1F /* hmac-sha.h in Headers */ = {isa = PBXBuildFile; fileRef = 9D24687F2577848C0031EB1F /* hmac-sha.h */; };
		9D2468A72577848D0031EB1F /* inner_log.h in Headers */ = {isa = PBXBuildFile; fileRef = 9D2468802577848C0031EB1F /* inner_log.h */; };
		9D2468A82577848D0031EB1F /* log_producer_config.c in Sources */ = {isa = PBXBuildFile; fileRef = 9D2468812577848D0031EB1F /* log_producer_config.c */; };
		9D2468A92577848D0031EB1F /* md5.h in Headers */ = {isa = PBXBuildFile; fileRef = 9D2468822577848D0031EB1F /* md5.h */; };
		9D2468AA2577848D0031EB1F /* log_api.c in Sources */ = {isa = PBXBuildFile; fileRef = 9D2468832577848D0031EB1F /* log_api.c */; };
		9D2468AB2577848D0031EB1F /* hmac-sha.c in Sources */ = {isa = PBXBuildFile; fileRef = 9D2468842577848D0031EB1F /* hmac-sha.c */; };
		9D2468AC2577848D0031EB1F /* log_producer_client.h in Headers */ = {isa = PBXBuildFile; fileRef = 9D2468852577848D0031EB1F /* log_producer_client.h */; settings = {ATTRIBUTES = (Public, ); }; };
		9D2468AD2577848D0031EB1F /* log_producer_sender.h in Headers */ = {isa = PBXBuildFile; fileRef = 9D2468862577848D0031EB1F /* log_producer_sender.h */; };
		9D2468AE2577848D0031EB1F /* log_producer_manager.c in Sources */ = {isa = PBXBuildFile; fileRef = 9D2468872577848D0031EB1F /* log_producer_manager.c */; };
		9D2468AF2577848D0031EB1F /* log_queue.h in Headers */ = {isa = PBXBuildFile; fileRef = 9D2468882577848D0031EB1F /* log_queue.h */; };
		9D2468B02577848D0031EB1F /* log_util.c in Sources */ = {isa = PBXBuildFile; fileRef = 9D2468892577848D0031EB1F /* log_util.c */; };
		9D2468B12577848E0031EB1F /* log_api.h in Headers */ = {isa = PBXBuildFile; fileRef = 9D24688A2577848D0031EB1F /* log_api.h */; };
		9D2468B22577848E0031EB1F /* lz4.h in Headers */ = {isa = PBXBuildFile; fileRef = 9D24688B2577848D0031EB1F /* lz4.h */; };
		9D2468B32577848E0031EB1F /* log_inner_include.h in Headers */ = {isa = PBXBuildFile; fileRef = 9D24688C2577848D0031EB1F /* log_inner_include.h */; settings = {ATTRIBUTES = (Public, ); }; };
		9D2468B42577848E0031EB1F /* log_http_interface.h in Headers */ = {isa = PBXBuildFile; fileRef = 9D24688D2577848D0031EB1F /* log_http_interface.h */; settings = {ATTRIBUTES = (Public, ); }; };
		9D2468B52577848E0031EB1F /* log_producer_manager.h in Headers */ = {isa = PBXBuildFile; fileRef = 9D24688E2577848D0031EB1F /* log_producer_manager.h */; };
		9D2468B62577848E0031EB1F /* log_producer_common.c in Sources */ = {isa = PBXBuildFile; fileRef = 9D24688F2577848D0031EB1F /* log_producer_common.c */; };
		9D2468B72577848E0031EB1F /* log_ring_file.h in Headers */ = {isa = PBXBuildFile; fileRef = 9D2468902577848D0031EB1F /* log_ring_file.h */; };
		9D2468B82577848E0031EB1F /* log_define.h in Headers */ = {isa = PBXBuildFile; fileRef = 9D2468912577848D0031EB1F /* log_define.h */; settings = {ATTRIBUTES = (Public, ); }; };
		9D984DB72520A9B7009DE4FE /* AliyunLogProducer.h in Headers */ = {isa = PBXBuildFile; fileRef = 9D984DB52520A9B7009DE4FE /* AliyunLogProducer.h */; settings = {ATTRIBUTES = (Public, ); }; };
		9D984EFF2520AE17009DE4FE /* LogProducerConfig.m in Sources */ = {isa = PBXBuildFile; fileRef = 9D984EFE2520AE17009DE4FE /* LogProducerConfig.m */; };
		9D984F012520AF44009DE4FE /* LogProducerClient.m in Sources */ = {isa = PBXBuildFile; fileRef = 9D984F002520AF44009DE4FE /* LogProducerClient.m */; };
		9D984F042520D796009DE4FE /* LogProducerClient.h in Headers */ = {isa = PBXBuildFile; fileRef = 9D984F032520D796009DE4FE /* LogProducerClient.h */; settings = {ATTRIBUTES = (Public, ); }; };
		9D984F062520E110009DE4FE /* Log.h in Headers */ = {isa = PBXBuildFile; fileRef = 9D984F052520E110009DE4FE /* Log.h */; settings = {ATTRIBUTES = (Public, ); }; };
		9D984F082520E121009DE4FE /* Log.m in Sources */ = {isa = PBXBuildFile; fileRef = 9D984F072520E120009DE4FE /* Log.m */; };
		F80DF31A26A56AAC00151F7C /* Rechable.h in Headers */ = {isa = PBXBuildFile; fileRef = F80DF31826A56AAC00151F7C /* Rechable.h */; };
		F80DF31B26A56AAC00151F7C /* Rechable.m in Sources */ = {isa = PBXBuildFile; fileRef = F80DF31926A56AAC00151F7C /* Rechable.m */; };
		F80DF31F26A56AD900151F7C /* Utdid.h in Headers */ = {isa = PBXBuildFile; fileRef = F80DF31D26A56AD900151F7C /* Utdid.h */; };
		F80DF32026A56AD900151F7C /* Utdid.m in Sources */ = {isa = PBXBuildFile; fileRef = F80DF31E26A56AD900151F7C /* Utdid.m */; };
		F80DF32426A56AF600151F7C /* Storage.h in Headers */ = {isa = PBXBuildFile; fileRef = F80DF32226A56AF600151F7C /* Storage.h */; };
		F80DF32526A56AF600151F7C /* Storage.m in Sources */ = {isa = PBXBuildFile; fileRef = F80DF32326A56AF600151F7C /* Storage.m */; };
		F80DF32926A56B4600151F7C /* IPlugin.h in Headers */ = {isa = PBXBuildFile; fileRef = F80DF32726A56B4600151F7C /* IPlugin.h */; };
		F80DF32A26A56B4600151F7C /* IPlugin.m in Sources */ = {isa = PBXBuildFile; fileRef = F80DF32826A56B4600151F7C /* IPlugin.m */; };
		F80DF32D26A56B7200151F7C /* SLSConfig.h in Headers */ = {isa = PBXBuildFile; fileRef = F80DF32B26A56B7200151F7C /* SLSConfig.h */; settings = {ATTRIBUTES = (Public, ); }; };
		F80DF32E26A56B7200151F7C /* SLSConfig.m in Sources */ = {isa = PBXBuildFile; fileRef = F80DF32C26A56B7200151F7C /* SLSConfig.m */; };
		F80DF33D26A56C3C00151F7C /* SLSDeviceUtils.h in Headers */ = {isa = PBXBuildFile; fileRef = F80DF33B26A56C3C00151F7C /* SLSDeviceUtils.h */; };
		F80DF33E26A56C3C00151F7C /* SLSDeviceUtils.m in Sources */ = {isa = PBXBuildFile; fileRef = F80DF33C26A56C3C00151F7C /* SLSDeviceUtils.m */; };
		F80DF34126A56C6A00151F7C /* TCData.h in Headers */ = {isa = PBXBuildFile; fileRef = F80DF33F26A56C6A00151F7C /* TCData.h */; settings = {ATTRIBUTES = (Public, ); }; };
		F80DF34226A56C6A00151F7C /* TCData.m in Sources */ = {isa = PBXBuildFile; fileRef = F80DF34026A56C6A00151F7C /* TCData.m */; };
		F80DF34526A56DCD00151F7C /* SLSAdapter.h in Headers */ = {isa = PBXBuildFile; fileRef = F80DF34326A56DCD00151F7C /* SLSAdapter.h */; settings = {ATTRIBUTES = (Public, ); }; };
		F80DF34626A56DCD00151F7C /* SLSAdapter.m in Sources */ = {isa = PBXBuildFile; fileRef = F80DF34426A56DCD00151F7C /* SLSAdapter.m */; };
		F80DF45326A6CBCC00151F7C /* LogProducerClient+Bricks.h in Headers */ = {isa = PBXBuildFile; fileRef = F80DF45126A6CBCC00151F7C /* LogProducerClient+Bricks.h */; };
		F80DF45426A6CBCC00151F7C /* LogProducerClient+Bricks.m in Sources */ = {isa = PBXBuildFile; fileRef = F80DF45226A6CBCC00151F7C /* LogProducerClient+Bricks.m */; };
		F80DF46626A6FEFD00151F7C /* IReporterSender.h in Headers */ = {isa = PBXBuildFile; fileRef = F80DF46426A6FEFC00151F7C /* IReporterSender.h */; };
		F80DF46726A6FEFD00151F7C /* IReporterSender.m in Sources */ = {isa = PBXBuildFile; fileRef = F80DF46526A6FEFD00151F7C /* IReporterSender.m */; };
		F80DF46A26A6FF8700151F7C /* IFileParser.m in Sources */ = {isa = PBXBuildFile; fileRef = F80DF46826A6FF8700151F7C /* IFileParser.m */; };
		F80DF46B26A6FF8700151F7C /* IFileParser.h in Headers */ = {isa = PBXBuildFile; fileRef = F80DF46926A6FF8700151F7C /* IFileParser.h */; };
		F80DF46E26A6FFAE00151F7C /* UCTraceFileParser.h in Headers */ = {isa = PBXBuildFile; fileRef = F80DF46C26A6FFAE00151F7C /* UCTraceFileParser.h */; };
		F80DF46F26A6FFAE00151F7C /* UCTraceFileParser.m in Sources */ = {isa = PBXBuildFile; fileRef = F80DF46D26A6FFAE00151F7C /* UCTraceFileParser.m */; };
		F80DF47226A7004900151F7C /* SLSReporterSender.h in Headers */ = {isa = PBXBuildFile; fileRef = F80DF47026A7004900151F7C /* SLSReporterSender.h */; };
		F80DF47326A7004900151F7C /* SLSReporterSender.m in Sources */ = {isa = PBXBuildFile; fileRef = F80DF47126A7004900151F7C /* SLSReporterSender.m */; };
		F80DF47626A702AE00151F7C /* SLSCrashReporterPlugin.m in Sources */ = {isa = PBXBuildFile; fileRef = F80DF47426A702AE00151F7C /* SLSCrashReporterPlugin.m */; };
		F80DF47726A702AE00151F7C /* SLSCrashReporterPlugin.h in Headers */ = {isa = PBXBuildFile; fileRef = F80DF47526A702AE00151F7C /* SLSCrashReporterPlugin.h */; settings = {ATTRIBUTES = (Public, ); }; };
		F80DF47926A7034E00151F7C /* libc++.tbd in Frameworks */ = {isa = PBXBuildFile; fileRef = F80DF47826A7034E00151F7C /* libc++.tbd */; };
		F80DF47B26A7035E00151F7C /* SystemConfiguration.framework in Frameworks */ = {isa = PBXBuildFile; fileRef = F80DF47A26A7035E00151F7C /* SystemConfiguration.framework */; };
		F80DF47D26A7037000151F7C /* CoreGraphics.framework in Frameworks */ = {isa = PBXBuildFile; fileRef = F80DF47C26A7037000151F7C /* CoreGraphics.framework */; };
		F80DF47F26A7DE9000151F7C /* AliyunLogProducer.podspec in Resources */ = {isa = PBXBuildFile; fileRef = F80DF47E26A7DE9000151F7C /* AliyunLogProducer.podspec */; };
		F86AAAB82737E90200FE9871 /* log_producer_manager.h in Headers */ = {isa = PBXBuildFile; fileRef = 9D24688E2577848D0031EB1F /* log_producer_manager.h */; };
		F86AAAB92737E90200FE9871 /* Storage.h in Headers */ = {isa = PBXBuildFile; fileRef = F80DF32226A56AF600151F7C /* Storage.h */; };
		F86AAABA2737E90200FE9871 /* sha1.h in Headers */ = {isa = PBXBuildFile; fileRef = 9D24686B2577848C0031EB1F /* sha1.h */; };
		F86AAABB2737E90200FE9871 /* AliyunLogProducer.h in Headers */ = {isa = PBXBuildFile; fileRef = 9D984DB52520A9B7009DE4FE /* AliyunLogProducer.h */; settings = {ATTRIBUTES = (Public, ); }; };
		F86AAABC2737E90200FE9871 /* log_http_interface.h in Headers */ = {isa = PBXBuildFile; fileRef = 9D24688D2577848D0031EB1F /* log_http_interface.h */; settings = {ATTRIBUTES = (Public, ); }; };
		F86AAABD2737E90200FE9871 /* log_producer_client.h in Headers */ = {isa = PBXBuildFile; fileRef = 9D2468852577848D0031EB1F /* log_producer_client.h */; settings = {ATTRIBUTES = (Public, ); }; };
		F86AAABE2737E90200FE9871 /* log_producer_common.h in Headers */ = {isa = PBXBuildFile; fileRef = 9D2468722577848C0031EB1F /* log_producer_common.h */; settings = {ATTRIBUTES = (Public, ); }; };
		F86AAABF2737E90200FE9871 /* Rechable.h in Headers */ = {isa = PBXBuildFile; fileRef = F80DF31826A56AAC00151F7C /* Rechable.h */; };
		F86AAAC02737E90200FE9871 /* log_producer_config.h in Headers */ = {isa = PBXBuildFile; fileRef = 9D24687D2577848C0031EB1F /* log_producer_config.h */; settings = {ATTRIBUTES = (Public, ); }; };
		F86AAAC12737E90200FE9871 /* log_define.h in Headers */ = {isa = PBXBuildFile; fileRef = 9D2468912577848D0031EB1F /* log_define.h */; settings = {ATTRIBUTES = (Public, ); }; };
		F86AAAC22737E90200FE9871 /* log_multi_thread.h in Headers */ = {isa = PBXBuildFile; fileRef = 9D24686F2577848C0031EB1F /* log_multi_thread.h */; settings = {ATTRIBUTES = (Public, ); }; };
		F86AAAC32737E90200FE9871 /* SLSConfig.h in Headers */ = {isa = PBXBuildFile; fileRef = F80DF32B26A56B7200151F7C /* SLSConfig.h */; settings = {ATTRIBUTES = (Public, ); }; };
		F86AAAC42737E90200FE9871 /* SLSAdapter.h in Headers */ = {isa = PBXBuildFile; fileRef = F80DF34326A56DCD00151F7C /* SLSAdapter.h */; settings = {ATTRIBUTES = (Public, ); }; };
		F86AAAC52737E90200FE9871 /* TCData.h in Headers */ = {isa = PBXBuildFile; fileRef = F80DF33F26A56C6A00151F7C /* TCData.h */; settings = {ATTRIBUTES = (Public, ); }; };
		F86AAAC62737E90200FE9871 /* SLSCrashReporterPlugin.h in Headers */ = {isa = PBXBuildFile; fileRef = F80DF47526A702AE00151F7C /* SLSCrashReporterPlugin.h */; settings = {ATTRIBUTES = (Public, ); }; };
		F86AAAC72737E90200FE9871 /* log_inner_include.h in Headers */ = {isa = PBXBuildFile; fileRef = 9D24688C2577848D0031EB1F /* log_inner_include.h */; settings = {ATTRIBUTES = (Public, ); }; };
		F86AAAC82737E90200FE9871 /* sds.h in Headers */ = {isa = PBXBuildFile; fileRef = 9D24687A2577848C0031EB1F /* sds.h */; };
		F86AAAC92737E90200FE9871 /* SLSReporterSender.h in Headers */ = {isa = PBXBuildFile; fileRef = F80DF47026A7004900151F7C /* SLSReporterSender.h */; };
		F86AAACA2737E90200FE9871 /* TimeUtils.h in Headers */ = {isa = PBXBuildFile; fileRef = F87A244F266F3FE000499D4D /* TimeUtils.h */; settings = {ATTRIBUTES = (Public, ); }; };
		F86AAACB2737E90200FE9871 /* Log.h in Headers */ = {isa = PBXBuildFile; fileRef = 9D984F052520E110009DE4FE /* Log.h */; settings = {ATTRIBUTES = (Public, ); }; };
		F86AAACC2737E90200FE9871 /* log_queue.h in Headers */ = {isa = PBXBuildFile; fileRef = 9D2468882577848D0031EB1F /* log_queue.h */; };
		F86AAACD2737E90200FE9871 /* log_api.h in Headers */ = {isa = PBXBuildFile; fileRef = 9D24688A2577848D0031EB1F /* log_api.h */; };
		F86AAACE2737E90200FE9871 /* hmac-sha.h in Headers */ = {isa = PBXBuildFile; fileRef = 9D24687F2577848C0031EB1F /* hmac-sha.h */; };
		F86AAACF2737E90200FE9871 /* UCTraceFileParser.h in Headers */ = {isa = PBXBuildFile; fileRef = F80DF46C26A6FFAE00151F7C /* UCTraceFileParser.h */; };
		F86AAAD02737E90200FE9871 /* md5.h in Headers */ = {isa = PBXBuildFile; fileRef = 9D2468822577848D0031EB1F /* md5.h */; };
		F86AAAD12737E90200FE9871 /* IPlugin.h in Headers */ = {isa = PBXBuildFile; fileRef = F80DF32726A56B4600151F7C /* IPlugin.h */; };
		F86AAAD22737E90200FE9871 /* IFileParser.h in Headers */ = {isa = PBXBuildFile; fileRef = F80DF46926A6FF8700151F7C /* IFileParser.h */; };
		F86AAAD32737E90200FE9871 /* lz4.h in Headers */ = {isa = PBXBuildFile; fileRef = 9D24688B2577848D0031EB1F /* lz4.h */; };
		F86AAAD42737E90200FE9871 /* IReporterSender.h in Headers */ = {isa = PBXBuildFile; fileRef = F80DF46426A6FEFC00151F7C /* IReporterSender.h */; };
		F86AAAD52737E90200FE9871 /* LogProducerConfig.h in Headers */ = {isa = PBXBuildFile; fileRef = 9D984F022520B137009DE4FE /* LogProducerConfig.h */; settings = {ATTRIBUTES = (Public, ); }; };
		F86AAAD62737E90200FE9871 /* log_persistent_manager.h in Headers */ = {isa = PBXBuildFile; fileRef = 9D24687E2577848C0031EB1F /* log_persistent_manager.h */; };
		F86AAAD72737E90200FE9871 /* log_builder.h in Headers */ = {isa = PBXBuildFile; fileRef = 9D2468742577848C0031EB1F /* log_builder.h */; };
		F86AAAD82737E90200FE9871 /* SLSDeviceUtils.h in Headers */ = {isa = PBXBuildFile; fileRef = F80DF33B26A56C3C00151F7C /* SLSDeviceUtils.h */; };
		F86AAAD92737E90200FE9871 /* LogProducerClient+Bricks.h in Headers */ = {isa = PBXBuildFile; fileRef = F80DF45126A6CBCC00151F7C /* LogProducerClient+Bricks.h */; };
		F86AAADA2737E90200FE9871 /* LogProducerClient.h in Headers */ = {isa = PBXBuildFile; fileRef = 9D984F032520D796009DE4FE /* LogProducerClient.h */; settings = {ATTRIBUTES = (Public, ); }; };
		F86AAADB2737E90200FE9871 /* inner_log.h in Headers */ = {isa = PBXBuildFile; fileRef = 9D2468802577848C0031EB1F /* inner_log.h */; };
		F86AAADC2737E90200FE9871 /* log_ring_file.h in Headers */ = {isa = PBXBuildFile; fileRef = 9D2468902577848D0031EB1F /* log_ring_file.h */; };
		F86AAADD2737E90200FE9871 /* log_producer_sender.h in Headers */ = {isa = PBXBuildFile; fileRef = 9D2468862577848D0031EB1F /* log_producer_sender.h */; };
		F86AAADE2737E90200FE9871 /* log_util.h in Headers */ = {isa = PBXBuildFile; fileRef = 9D2468732577848C0031EB1F /* log_util.h */; };
		F86AAADF2737E90200FE9871 /* Utdid.h in Headers */ = {isa = PBXBuildFile; fileRef = F80DF31D26A56AD900151F7C /* Utdid.h */; };
		F86AAAE12737E90200FE9871 /* log_producer_config.c in Sources */ = {isa = PBXBuildFile; fileRef = 9D2468812577848D0031EB1F /* log_producer_config.c */; };
		F86AAAE22737E90200FE9871 /* sds.c in Sources */ = {isa = PBXBuildFile; fileRef = 9D2468772577848C0031EB1F /* sds.c */; };
		F86AAAE32737E90200FE9871 /* Rechable.m in Sources */ = {isa = PBXBuildFile; fileRef = F80DF31926A56AAC00151F7C /* Rechable.m */; };
		F86AAAE42737E90200FE9871 /* TimeUtils.m in Sources */ = {isa = PBXBuildFile; fileRef = F87A2450266F3FE000499D4D /* TimeUtils.m */; };
		F86AAAE52737E90200FE9871 /* log_util.c in Sources */ = {isa = PBXBuildFile; fileRef = 9D2468892577848D0031EB1F /* log_util.c */; };
		F86AAAE62737E90200FE9871 /* TCData.m in Sources */ = {isa = PBXBuildFile; fileRef = F80DF34026A56C6A00151F7C /* TCData.m */; };
		F86AAAE72737E90200FE9871 /* sha1.c in Sources */ = {isa = PBXBuildFile; fileRef = 9D24686E2577848C0031EB1F /* sha1.c */; };
		F86AAAE82737E90200FE9871 /* LogProducerClient+Bricks.m in Sources */ = {isa = PBXBuildFile; fileRef = F80DF45226A6CBCC00151F7C /* LogProducerClient+Bricks.m */; };
		F86AAAE92737E90200FE9871 /* SLSConfig.m in Sources */ = {isa = PBXBuildFile; fileRef = F80DF32C26A56B7200151F7C /* SLSConfig.m */; };
		F86AAAEA2737E90200FE9871 /* IReporterSender.m in Sources */ = {isa = PBXBuildFile; fileRef = F80DF46526A6FEFD00151F7C /* IReporterSender.m */; };
		F86AAAEB2737E90200FE9871 /* log_queue.c in Sources */ = {isa = PBXBuildFile; fileRef = 9D2468782577848C0031EB1F /* log_queue.c */; };
		F86AAAEC2737E90200FE9871 /* Storage.m in Sources */ = {isa = PBXBuildFile; fileRef = F80DF32326A56AF600151F7C /* Storage.m */; };
		F86AAAED2737E90200FE9871 /* lz4.c in Sources */ = {isa = PBXBuildFile; fileRef = 9D2468792577848C0031EB1F /* lz4.c */; };
		F86AAAEE2737E90200FE9871 /* log_api.c in Sources */ = {isa = PBXBuildFile; fileRef = 9D2468832577848D0031EB1F /* log_api.c */; };
		F86AAAEF2737E90200FE9871 /* UCTraceFileParser.m in Sources */ = {isa = PBXBuildFile; fileRef = F80DF46D26A6FFAE00151F7C /* UCTraceFileParser.m */; };
		F86AAAF02737E90200FE9871 /* log_builder.c in Sources */ = {isa = PBXBuildFile; fileRef = 9D24687B2577848C0031EB1F /* log_builder.c */; };
		F86AAAF12737E90200FE9871 /* SLSCrashReporterPlugin.m in Sources */ = {isa = PBXBuildFile; fileRef = F80DF47426A702AE00151F7C /* SLSCrashReporterPlugin.m */; };
		F86AAAF22737E90200FE9871 /* log_ring_file.c in Sources */ = {isa = PBXBuildFile; fileRef = 9D2468702577848C0031EB1F /* log_ring_file.c */; };
		F86AAAF32737E90200FE9871 /* md5.c in Sources */ = {isa = PBXBuildFile; fileRef = 9D24687C2577848C0031EB1F /* md5.c */; };
		F86AAAF42737E90200FE9871 /* Utdid.m in Sources */ = {isa = PBXBuildFile; fileRef = F80DF31E26A56AD900151F7C /* Utdid.m */; };
		F86AAAF52737E90200FE9871 /* inner_log.c in Sources */ = {isa = PBXBuildFile; fileRef = 9D24686D2577848C0031EB1F /* inner_log.c */; };
		F86AAAF62737E90200FE9871 /* Log.m in Sources */ = {isa = PBXBuildFile; fileRef = 9D984F072520E120009DE4FE /* Log.m */; };
		F86AAAF72737E90200FE9871 /* IFileParser.m in Sources */ = {isa = PBXBuildFile; fileRef = F80DF46826A6FF8700151F7C /* IFileParser.m */; };
		F86AAAF82737E90200FE9871 /* log_http_interface.c in Sources */ = {isa = PBXBuildFile; fileRef = 9D2468752577848C0031EB1F /* log_http_interface.c */; };
		F86AAAF92737E90200FE9871 /* LogProducerConfig.m in Sources */ = {isa = PBXBuildFile; fileRef = 9D984EFE2520AE17009DE4FE /* LogProducerConfig.m */; };
		F86AAAFA2737E90200FE9871 /* IPlugin.m in Sources */ = {isa = PBXBuildFile; fileRef = F80DF32826A56B4600151F7C /* IPlugin.m */; };
		F86AAAFB2737E90200FE9871 /* log_persistent_manager.c in Sources */ = {isa = PBXBuildFile; fileRef = 9D2468712577848C0031EB1F /* log_persistent_manager.c */; };
		F86AAAFC2737E90200FE9871 /* LogProducerClient.m in Sources */ = {isa = PBXBuildFile; fileRef = 9D984F002520AF44009DE4FE /* LogProducerClient.m */; };
		F86AAAFD2737E90200FE9871 /* log_producer_sender.c in Sources */ = {isa = PBXBuildFile; fileRef = 9D24686C2577848C0031EB1F /* log_producer_sender.c */; };
		F86AAAFE2737E90200FE9871 /* SLSAdapter.m in Sources */ = {isa = PBXBuildFile; fileRef = F80DF34426A56DCD00151F7C /* SLSAdapter.m */; };
		F86AAAFF2737E90200FE9871 /* log_producer_client.c in Sources */ = {isa = PBXBuildFile; fileRef = 9D2468762577848C0031EB1F /* log_producer_client.c */; };
		F86AAB002737E90200FE9871 /* log_producer_common.c in Sources */ = {isa = PBXBuildFile; fileRef = 9D24688F2577848D0031EB1F /* log_producer_common.c */; };
		F86AAB012737E90200FE9871 /* log_producer_manager.c in Sources */ = {isa = PBXBuildFile; fileRef = 9D2468872577848D0031EB1F /* log_producer_manager.c */; };
		F86AAB022737E90200FE9871 /* SLSDeviceUtils.m in Sources */ = {isa = PBXBuildFile; fileRef = F80DF33C26A56C3C00151F7C /* SLSDeviceUtils.m */; };
		F86AAB032737E90200FE9871 /* SLSReporterSender.m in Sources */ = {isa = PBXBuildFile; fileRef = F80DF47126A7004900151F7C /* SLSReporterSender.m */; };
		F86AAB042737E90200FE9871 /* hmac-sha.c in Sources */ = {isa = PBXBuildFile; fileRef = 9D2468842577848D0031EB1F /* hmac-sha.c */; };
		F86AAB062737E90200FE9871 /* CoreGraphics.framework in Frameworks */ = {isa = PBXBuildFile; fileRef = F80DF47C26A7037000151F7C /* CoreGraphics.framework */; };
		F86AAB072737E90200FE9871 /* SystemConfiguration.framework in Frameworks */ = {isa = PBXBuildFile; fileRef = F80DF47A26A7035E00151F7C /* SystemConfiguration.framework */; };
		F86AAB082737E90200FE9871 /* libc++.tbd in Frameworks */ = {isa = PBXBuildFile; fileRef = F80DF47826A7034E00151F7C /* libc++.tbd */; };
		F86AAB0A2737E90200FE9871 /* libz.tbd in Frameworks */ = {isa = PBXBuildFile; fileRef = 9D0CAEEE252177D800A4985A /* libz.tbd */; };
		F86AAB0C2737E90200FE9871 /* AliyunLogProducer.podspec in Resources */ = {isa = PBXBuildFile; fileRef = F80DF47E26A7DE9000151F7C /* AliyunLogProducer.podspec */; };
		F87A2451266F3FE000499D4D /* TimeUtils.h in Headers */ = {isa = PBXBuildFile; fileRef = F87A244F266F3FE000499D4D /* TimeUtils.h */; settings = {ATTRIBUTES = (Public, ); }; };
		F87A2452266F3FE000499D4D /* TimeUtils.m in Sources */ = {isa = PBXBuildFile; fileRef = F87A2450266F3FE000499D4D /* TimeUtils.m */; };
		F8E939832738FD6300E6535A /* WPKMobi.framework in Frameworks */ = {isa = PBXBuildFile; fileRef = F8E939822738FD6300E6535A /* WPKMobi.framework */; };
		F8E939852738FD7200E6535A /* WPKMobi.framework in Frameworks */ = {isa = PBXBuildFile; fileRef = F8E939842738FD7200E6535A /* WPKMobi.framework */; };
/* End PBXBuildFile section */

/* Begin PBXFileReference section */
		9D0CAEEE252177D800A4985A /* libz.tbd */ = {isa = PBXFileReference; lastKnownFileType = "sourcecode.text-based-dylib-definition"; name = libz.tbd; path = Platforms/MacOSX.platform/Developer/SDKs/MacOSX10.15.sdk/usr/lib/libz.tbd; sourceTree = DEVELOPER_DIR; };
		9D24686B2577848C0031EB1F /* sha1.h */ = {isa = PBXFileReference; fileEncoding = 4; lastKnownFileType = sourcecode.c.h; path = sha1.h; sourceTree = "<group>"; };
		9D24686C2577848C0031EB1F /* log_producer_sender.c */ = {isa = PBXFileReference; fileEncoding = 4; lastKnownFileType = sourcecode.c.c; path = log_producer_sender.c; sourceTree = "<group>"; };
		9D24686D2577848C0031EB1F /* inner_log.c */ = {isa = PBXFileReference; fileEncoding = 4; lastKnownFileType = sourcecode.c.c; path = inner_log.c; sourceTree = "<group>"; };
		9D24686E2577848C0031EB1F /* sha1.c */ = {isa = PBXFileReference; fileEncoding = 4; lastKnownFileType = sourcecode.c.c; path = sha1.c; sourceTree = "<group>"; };
		9D24686F2577848C0031EB1F /* log_multi_thread.h */ = {isa = PBXFileReference; fileEncoding = 4; lastKnownFileType = sourcecode.c.h; path = log_multi_thread.h; sourceTree = "<group>"; };
		9D2468702577848C0031EB1F /* log_ring_file.c */ = {isa = PBXFileReference; fileEncoding = 4; lastKnownFileType = sourcecode.c.c; path = log_ring_file.c; sourceTree = "<group>"; };
		9D2468712577848C0031EB1F /* log_persistent_manager.c */ = {isa = PBXFileReference; fileEncoding = 4; lastKnownFileType = sourcecode.c.c; path = log_persistent_manager.c; sourceTree = "<group>"; };
		9D2468722577848C0031EB1F /* log_producer_common.h */ = {isa = PBXFileReference; fileEncoding = 4; lastKnownFileType = sourcecode.c.h; path = log_producer_common.h; sourceTree = "<group>"; };
		9D2468732577848C0031EB1F /* log_util.h */ = {isa = PBXFileReference; fileEncoding = 4; lastKnownFileType = sourcecode.c.h; path = log_util.h; sourceTree = "<group>"; };
		9D2468742577848C0031EB1F /* log_builder.h */ = {isa = PBXFileReference; fileEncoding = 4; lastKnownFileType = sourcecode.c.h; path = log_builder.h; sourceTree = "<group>"; };
		9D2468752577848C0031EB1F /* log_http_interface.c */ = {isa = PBXFileReference; fileEncoding = 4; lastKnownFileType = sourcecode.c.c; path = log_http_interface.c; sourceTree = "<group>"; };
		9D2468762577848C0031EB1F /* log_producer_client.c */ = {isa = PBXFileReference; fileEncoding = 4; lastKnownFileType = sourcecode.c.c; path = log_producer_client.c; sourceTree = "<group>"; };
		9D2468772577848C0031EB1F /* sds.c */ = {isa = PBXFileReference; fileEncoding = 4; lastKnownFileType = sourcecode.c.c; path = sds.c; sourceTree = "<group>"; };
		9D2468782577848C0031EB1F /* log_queue.c */ = {isa = PBXFileReference; fileEncoding = 4; lastKnownFileType = sourcecode.c.c; path = log_queue.c; sourceTree = "<group>"; };
		9D2468792577848C0031EB1F /* lz4.c */ = {isa = PBXFileReference; fileEncoding = 4; lastKnownFileType = sourcecode.c.c; path = lz4.c; sourceTree = "<group>"; };
		9D24687A2577848C0031EB1F /* sds.h */ = {isa = PBXFileReference; fileEncoding = 4; lastKnownFileType = sourcecode.c.h; path = sds.h; sourceTree = "<group>"; };
		9D24687B2577848C0031EB1F /* log_builder.c */ = {isa = PBXFileReference; fileEncoding = 4; lastKnownFileType = sourcecode.c.c; path = log_builder.c; sourceTree = "<group>"; };
		9D24687C2577848C0031EB1F /* md5.c */ = {isa = PBXFileReference; fileEncoding = 4; lastKnownFileType = sourcecode.c.c; path = md5.c; sourceTree = "<group>"; };
		9D24687D2577848C0031EB1F /* log_producer_config.h */ = {isa = PBXFileReference; fileEncoding = 4; lastKnownFileType = sourcecode.c.h; path = log_producer_config.h; sourceTree = "<group>"; };
		9D24687E2577848C0031EB1F /* log_persistent_manager.h */ = {isa = PBXFileReference; fileEncoding = 4; lastKnownFileType = sourcecode.c.h; path = log_persistent_manager.h; sourceTree = "<group>"; };
		9D24687F2577848C0031EB1F /* hmac-sha.h */ = {isa = PBXFileReference; fileEncoding = 4; lastKnownFileType = sourcecode.c.h; path = "hmac-sha.h"; sourceTree = "<group>"; };
		9D2468802577848C0031EB1F /* inner_log.h */ = {isa = PBXFileReference; fileEncoding = 4; lastKnownFileType = sourcecode.c.h; path = inner_log.h; sourceTree = "<group>"; };
		9D2468812577848D0031EB1F /* log_producer_config.c */ = {isa = PBXFileReference; fileEncoding = 4; lastKnownFileType = sourcecode.c.c; path = log_producer_config.c; sourceTree = "<group>"; };
		9D2468822577848D0031EB1F /* md5.h */ = {isa = PBXFileReference; fileEncoding = 4; lastKnownFileType = sourcecode.c.h; path = md5.h; sourceTree = "<group>"; };
		9D2468832577848D0031EB1F /* log_api.c */ = {isa = PBXFileReference; fileEncoding = 4; lastKnownFileType = sourcecode.c.c; path = log_api.c; sourceTree = "<group>"; };
		9D2468842577848D0031EB1F /* hmac-sha.c */ = {isa = PBXFileReference; fileEncoding = 4; lastKnownFileType = sourcecode.c.c; path = "hmac-sha.c"; sourceTree = "<group>"; };
		9D2468852577848D0031EB1F /* log_producer_client.h */ = {isa = PBXFileReference; fileEncoding = 4; lastKnownFileType = sourcecode.c.h; path = log_producer_client.h; sourceTree = "<group>"; };
		9D2468862577848D0031EB1F /* log_producer_sender.h */ = {isa = PBXFileReference; fileEncoding = 4; lastKnownFileType = sourcecode.c.h; path = log_producer_sender.h; sourceTree = "<group>"; };
		9D2468872577848D0031EB1F /* log_producer_manager.c */ = {isa = PBXFileReference; fileEncoding = 4; lastKnownFileType = sourcecode.c.c; path = log_producer_manager.c; sourceTree = "<group>"; };
		9D2468882577848D0031EB1F /* log_queue.h */ = {isa = PBXFileReference; fileEncoding = 4; lastKnownFileType = sourcecode.c.h; path = log_queue.h; sourceTree = "<group>"; };
		9D2468892577848D0031EB1F /* log_util.c */ = {isa = PBXFileReference; fileEncoding = 4; lastKnownFileType = sourcecode.c.c; path = log_util.c; sourceTree = "<group>"; };
		9D24688A2577848D0031EB1F /* log_api.h */ = {isa = PBXFileReference; fileEncoding = 4; lastKnownFileType = sourcecode.c.h; path = log_api.h; sourceTree = "<group>"; };
		9D24688B2577848D0031EB1F /* lz4.h */ = {isa = PBXFileReference; fileEncoding = 4; lastKnownFileType = sourcecode.c.h; path = lz4.h; sourceTree = "<group>"; };
		9D24688C2577848D0031EB1F /* log_inner_include.h */ = {isa = PBXFileReference; fileEncoding = 4; lastKnownFileType = sourcecode.c.h; path = log_inner_include.h; sourceTree = "<group>"; };
		9D24688D2577848D0031EB1F /* log_http_interface.h */ = {isa = PBXFileReference; fileEncoding = 4; lastKnownFileType = sourcecode.c.h; path = log_http_interface.h; sourceTree = "<group>"; };
		9D24688E2577848D0031EB1F /* log_producer_manager.h */ = {isa = PBXFileReference; fileEncoding = 4; lastKnownFileType = sourcecode.c.h; path = log_producer_manager.h; sourceTree = "<group>"; };
		9D24688F2577848D0031EB1F /* log_producer_common.c */ = {isa = PBXFileReference; fileEncoding = 4; lastKnownFileType = sourcecode.c.c; path = log_producer_common.c; sourceTree = "<group>"; };
		9D2468902577848D0031EB1F /* log_ring_file.h */ = {isa = PBXFileReference; fileEncoding = 4; lastKnownFileType = sourcecode.c.h; path = log_ring_file.h; sourceTree = "<group>"; };
		9D2468912577848D0031EB1F /* log_define.h */ = {isa = PBXFileReference; fileEncoding = 4; lastKnownFileType = sourcecode.c.h; path = log_define.h; sourceTree = "<group>"; };
		9D984DB22520A9B7009DE4FE /* AliyunLogProducer.framework */ = {isa = PBXFileReference; explicitFileType = wrapper.framework; includeInIndex = 0; path = AliyunLogProducer.framework; sourceTree = BUILT_PRODUCTS_DIR; };
		9D984DB52520A9B7009DE4FE /* AliyunLogProducer.h */ = {isa = PBXFileReference; lastKnownFileType = sourcecode.c.h; path = AliyunLogProducer.h; sourceTree = "<group>"; };
		9D984DB62520A9B7009DE4FE /* Info.plist */ = {isa = PBXFileReference; lastKnownFileType = text.plist.xml; path = Info.plist; sourceTree = "<group>"; };
		9D984EFE2520AE17009DE4FE /* LogProducerConfig.m */ = {isa = PBXFileReference; lastKnownFileType = sourcecode.c.objc; path = LogProducerConfig.m; sourceTree = "<group>"; };
		9D984F002520AF44009DE4FE /* LogProducerClient.m */ = {isa = PBXFileReference; lastKnownFileType = sourcecode.c.objc; path = LogProducerClient.m; sourceTree = "<group>"; };
		9D984F022520B137009DE4FE /* LogProducerConfig.h */ = {isa = PBXFileReference; lastKnownFileType = sourcecode.c.h; path = LogProducerConfig.h; sourceTree = "<group>"; };
		9D984F032520D796009DE4FE /* LogProducerClient.h */ = {isa = PBXFileReference; lastKnownFileType = sourcecode.c.h; path = LogProducerClient.h; sourceTree = "<group>"; };
		9D984F052520E110009DE4FE /* Log.h */ = {isa = PBXFileReference; lastKnownFileType = sourcecode.c.h; path = Log.h; sourceTree = "<group>"; };
		9D984F072520E120009DE4FE /* Log.m */ = {isa = PBXFileReference; lastKnownFileType = sourcecode.c.objc; path = Log.m; sourceTree = "<group>"; };
		F80DF31826A56AAC00151F7C /* Rechable.h */ = {isa = PBXFileReference; lastKnownFileType = sourcecode.c.h; path = Rechable.h; sourceTree = "<group>"; };
		F80DF31926A56AAC00151F7C /* Rechable.m */ = {isa = PBXFileReference; lastKnownFileType = sourcecode.c.objc; path = Rechable.m; sourceTree = "<group>"; };
		F80DF31D26A56AD900151F7C /* Utdid.h */ = {isa = PBXFileReference; lastKnownFileType = sourcecode.c.h; path = Utdid.h; sourceTree = "<group>"; };
		F80DF31E26A56AD900151F7C /* Utdid.m */ = {isa = PBXFileReference; lastKnownFileType = sourcecode.c.objc; path = Utdid.m; sourceTree = "<group>"; };
		F80DF32226A56AF600151F7C /* Storage.h */ = {isa = PBXFileReference; lastKnownFileType = sourcecode.c.h; path = Storage.h; sourceTree = "<group>"; };
		F80DF32326A56AF600151F7C /* Storage.m */ = {isa = PBXFileReference; lastKnownFileType = sourcecode.c.objc; path = Storage.m; sourceTree = "<group>"; };
		F80DF32726A56B4600151F7C /* IPlugin.h */ = {isa = PBXFileReference; lastKnownFileType = sourcecode.c.h; path = IPlugin.h; sourceTree = "<group>"; };
		F80DF32826A56B4600151F7C /* IPlugin.m */ = {isa = PBXFileReference; lastKnownFileType = sourcecode.c.objc; path = IPlugin.m; sourceTree = "<group>"; };
		F80DF32B26A56B7200151F7C /* SLSConfig.h */ = {isa = PBXFileReference; lastKnownFileType = sourcecode.c.h; path = SLSConfig.h; sourceTree = "<group>"; };
		F80DF32C26A56B7200151F7C /* SLSConfig.m */ = {isa = PBXFileReference; lastKnownFileType = sourcecode.c.objc; path = SLSConfig.m; sourceTree = "<group>"; };
		F80DF33B26A56C3C00151F7C /* SLSDeviceUtils.h */ = {isa = PBXFileReference; lastKnownFileType = sourcecode.c.h; path = SLSDeviceUtils.h; sourceTree = "<group>"; };
		F80DF33C26A56C3C00151F7C /* SLSDeviceUtils.m */ = {isa = PBXFileReference; lastKnownFileType = sourcecode.c.objc; path = SLSDeviceUtils.m; sourceTree = "<group>"; };
		F80DF33F26A56C6A00151F7C /* TCData.h */ = {isa = PBXFileReference; lastKnownFileType = sourcecode.c.h; path = TCData.h; sourceTree = "<group>"; };
		F80DF34026A56C6A00151F7C /* TCData.m */ = {isa = PBXFileReference; lastKnownFileType = sourcecode.c.objc; path = TCData.m; sourceTree = "<group>"; };
		F80DF34326A56DCD00151F7C /* SLSAdapter.h */ = {isa = PBXFileReference; lastKnownFileType = sourcecode.c.h; path = SLSAdapter.h; sourceTree = "<group>"; };
		F80DF34426A56DCD00151F7C /* SLSAdapter.m */ = {isa = PBXFileReference; lastKnownFileType = sourcecode.c.objc; path = SLSAdapter.m; sourceTree = "<group>"; };
		F80DF45126A6CBCC00151F7C /* LogProducerClient+Bricks.h */ = {isa = PBXFileReference; lastKnownFileType = sourcecode.c.h; path = "LogProducerClient+Bricks.h"; sourceTree = "<group>"; };
		F80DF45226A6CBCC00151F7C /* LogProducerClient+Bricks.m */ = {isa = PBXFileReference; lastKnownFileType = sourcecode.c.objc; path = "LogProducerClient+Bricks.m"; sourceTree = "<group>"; };
		F80DF46426A6FEFC00151F7C /* IReporterSender.h */ = {isa = PBXFileReference; fileEncoding = 4; lastKnownFileType = sourcecode.c.h; path = IReporterSender.h; sourceTree = "<group>"; };
		F80DF46526A6FEFD00151F7C /* IReporterSender.m */ = {isa = PBXFileReference; fileEncoding = 4; lastKnownFileType = sourcecode.c.objc; path = IReporterSender.m; sourceTree = "<group>"; };
		F80DF46826A6FF8700151F7C /* IFileParser.m */ = {isa = PBXFileReference; fileEncoding = 4; lastKnownFileType = sourcecode.c.objc; path = IFileParser.m; sourceTree = "<group>"; };
		F80DF46926A6FF8700151F7C /* IFileParser.h */ = {isa = PBXFileReference; fileEncoding = 4; lastKnownFileType = sourcecode.c.h; path = IFileParser.h; sourceTree = "<group>"; };
		F80DF46C26A6FFAE00151F7C /* UCTraceFileParser.h */ = {isa = PBXFileReference; fileEncoding = 4; lastKnownFileType = sourcecode.c.h; path = UCTraceFileParser.h; sourceTree = "<group>"; };
		F80DF46D26A6FFAE00151F7C /* UCTraceFileParser.m */ = {isa = PBXFileReference; fileEncoding = 4; lastKnownFileType = sourcecode.c.objc; path = UCTraceFileParser.m; sourceTree = "<group>"; };
		F80DF47026A7004900151F7C /* SLSReporterSender.h */ = {isa = PBXFileReference; fileEncoding = 4; lastKnownFileType = sourcecode.c.h; path = SLSReporterSender.h; sourceTree = "<group>"; };
		F80DF47126A7004900151F7C /* SLSReporterSender.m */ = {isa = PBXFileReference; fileEncoding = 4; lastKnownFileType = sourcecode.c.objc; path = SLSReporterSender.m; sourceTree = "<group>"; };
		F80DF47426A702AE00151F7C /* SLSCrashReporterPlugin.m */ = {isa = PBXFileReference; fileEncoding = 4; lastKnownFileType = sourcecode.c.objc; path = SLSCrashReporterPlugin.m; sourceTree = "<group>"; };
		F80DF47526A702AE00151F7C /* SLSCrashReporterPlugin.h */ = {isa = PBXFileReference; fileEncoding = 4; lastKnownFileType = sourcecode.c.h; path = SLSCrashReporterPlugin.h; sourceTree = "<group>"; };
		F80DF47826A7034E00151F7C /* libc++.tbd */ = {isa = PBXFileReference; lastKnownFileType = "sourcecode.text-based-dylib-definition"; name = "libc++.tbd"; path = "Platforms/MacOSX.platform/Developer/SDKs/MacOSX11.3.sdk/usr/lib/libc++.tbd"; sourceTree = DEVELOPER_DIR; };
		F80DF47A26A7035E00151F7C /* SystemConfiguration.framework */ = {isa = PBXFileReference; lastKnownFileType = wrapper.framework; name = SystemConfiguration.framework; path = Platforms/MacOSX.platform/Developer/SDKs/MacOSX11.3.sdk/System/Library/Frameworks/SystemConfiguration.framework; sourceTree = DEVELOPER_DIR; };
		F80DF47C26A7037000151F7C /* CoreGraphics.framework */ = {isa = PBXFileReference; lastKnownFileType = wrapper.framework; name = CoreGraphics.framework; path = Platforms/MacOSX.platform/Developer/SDKs/MacOSX11.3.sdk/System/Library/Frameworks/CoreGraphics.framework; sourceTree = DEVELOPER_DIR; };
		F80DF47E26A7DE9000151F7C /* AliyunLogProducer.podspec */ = {isa = PBXFileReference; fileEncoding = 4; lastKnownFileType = text; name = AliyunLogProducer.podspec; path = ../AliyunLogProducer.podspec; sourceTree = "<group>"; xcLanguageSpecificationIdentifier = xcode.lang.ruby; };
		F86AAB102737E90200FE9871 /* AliyunLogProducer_TVOS.framework */ = {isa = PBXFileReference; explicitFileType = wrapper.framework; includeInIndex = 0; path = AliyunLogProducer_TVOS.framework; sourceTree = BUILT_PRODUCTS_DIR; };
		F87A244F266F3FE000499D4D /* TimeUtils.h */ = {isa = PBXFileReference; lastKnownFileType = sourcecode.c.h; path = TimeUtils.h; sourceTree = "<group>"; };
		F87A2450266F3FE000499D4D /* TimeUtils.m */ = {isa = PBXFileReference; lastKnownFileType = sourcecode.c.objc; path = TimeUtils.m; sourceTree = "<group>"; };
		F8E939822738FD6300E6535A /* WPKMobi.framework */ = {isa = PBXFileReference; lastKnownFileType = wrapper.framework; path = WPKMobi.framework; sourceTree = "<group>"; };
		F8E939842738FD7200E6535A /* WPKMobi.framework */ = {isa = PBXFileReference; lastKnownFileType = wrapper.framework; path = WPKMobi.framework; sourceTree = "<group>"; };
/* End PBXFileReference section */

/* Begin PBXFrameworksBuildPhase section */
		9D984DAF2520A9B7009DE4FE /* Frameworks */ = {
			isa = PBXFrameworksBuildPhase;
			buildActionMask = 2147483647;
			files = (
				F80DF47D26A7037000151F7C /* CoreGraphics.framework in Frameworks */,
				F8E939832738FD6300E6535A /* WPKMobi.framework in Frameworks */,
				F80DF47B26A7035E00151F7C /* SystemConfiguration.framework in Frameworks */,
				F80DF47926A7034E00151F7C /* libc++.tbd in Frameworks */,
				9D0CAEEF252177D800A4985A /* libz.tbd in Frameworks */,
			);
			runOnlyForDeploymentPostprocessing = 0;
		};
		F86AAB052737E90200FE9871 /* Frameworks */ = {
			isa = PBXFrameworksBuildPhase;
			buildActionMask = 2147483647;
			files = (
				F86AAB062737E90200FE9871 /* CoreGraphics.framework in Frameworks */,
				F8E939852738FD7200E6535A /* WPKMobi.framework in Frameworks */,
				F86AAB072737E90200FE9871 /* SystemConfiguration.framework in Frameworks */,
				F86AAB082737E90200FE9871 /* libc++.tbd in Frameworks */,
				F86AAB0A2737E90200FE9871 /* libz.tbd in Frameworks */,
			);
			runOnlyForDeploymentPostprocessing = 0;
		};
/* End PBXFrameworksBuildPhase section */

/* Begin PBXGroup section */
		9D0CAEED252177D800A4985A /* Frameworks */ = {
			isa = PBXGroup;
			children = (
				F80DF47C26A7037000151F7C /* CoreGraphics.framework */,
				F80DF47A26A7035E00151F7C /* SystemConfiguration.framework */,
				F80DF47826A7034E00151F7C /* libc++.tbd */,
				9D0CAEEE252177D800A4985A /* libz.tbd */,
			);
			name = Frameworks;
			sourceTree = "<group>";
		};
		9D2467612577732D0031EB1F /* aliyun-log-c-sdk */ = {
			isa = PBXGroup;
			children = (
				9D246768257773DE0031EB1F /* src */,
			);
			path = "aliyun-log-c-sdk";
			sourceTree = "<group>";
		};
		9D246768257773DE0031EB1F /* src */ = {
			isa = PBXGroup;
			children = (
				9D2468842577848D0031EB1F /* hmac-sha.c */,
				9D24687F2577848C0031EB1F /* hmac-sha.h */,
				9D24686D2577848C0031EB1F /* inner_log.c */,
				9D2468802577848C0031EB1F /* inner_log.h */,
				9D2468832577848D0031EB1F /* log_api.c */,
				9D24688A2577848D0031EB1F /* log_api.h */,
				9D24687B2577848C0031EB1F /* log_builder.c */,
				9D2468742577848C0031EB1F /* log_builder.h */,
				9D2468912577848D0031EB1F /* log_define.h */,
				9D2468752577848C0031EB1F /* log_http_interface.c */,
				9D24688D2577848D0031EB1F /* log_http_interface.h */,
				9D24688C2577848D0031EB1F /* log_inner_include.h */,
				9D24686F2577848C0031EB1F /* log_multi_thread.h */,
				9D2468712577848C0031EB1F /* log_persistent_manager.c */,
				9D24687E2577848C0031EB1F /* log_persistent_manager.h */,
				9D2468762577848C0031EB1F /* log_producer_client.c */,
				9D2468852577848D0031EB1F /* log_producer_client.h */,
				9D24688F2577848D0031EB1F /* log_producer_common.c */,
				9D2468722577848C0031EB1F /* log_producer_common.h */,
				9D2468812577848D0031EB1F /* log_producer_config.c */,
				9D24687D2577848C0031EB1F /* log_producer_config.h */,
				9D2468872577848D0031EB1F /* log_producer_manager.c */,
				9D24688E2577848D0031EB1F /* log_producer_manager.h */,
				9D24686C2577848C0031EB1F /* log_producer_sender.c */,
				9D2468862577848D0031EB1F /* log_producer_sender.h */,
				9D2468782577848C0031EB1F /* log_queue.c */,
				9D2468882577848D0031EB1F /* log_queue.h */,
				9D2468702577848C0031EB1F /* log_ring_file.c */,
				9D2468902577848D0031EB1F /* log_ring_file.h */,
				9D2468892577848D0031EB1F /* log_util.c */,
				9D2468732577848C0031EB1F /* log_util.h */,
				9D2468792577848C0031EB1F /* lz4.c */,
				9D24688B2577848D0031EB1F /* lz4.h */,
				9D24687C2577848C0031EB1F /* md5.c */,
				9D2468822577848D0031EB1F /* md5.h */,
				9D2468772577848C0031EB1F /* sds.c */,
				9D24687A2577848C0031EB1F /* sds.h */,
				9D24686E2577848C0031EB1F /* sha1.c */,
				9D24686B2577848C0031EB1F /* sha1.h */,
			);
			path = src;
			sourceTree = "<group>";
		};
		9D984DA82520A9B7009DE4FE = {
			isa = PBXGroup;
			children = (
				F80DF47E26A7DE9000151F7C /* AliyunLogProducer.podspec */,
				9D2467612577732D0031EB1F /* aliyun-log-c-sdk */,
				9D984DB42520A9B7009DE4FE /* AliyunLogProducer */,
				9D984DB32520A9B7009DE4FE /* Products */,
				9D0CAEED252177D800A4985A /* Frameworks */,
			);
			sourceTree = "<group>";
		};
		9D984DB32520A9B7009DE4FE /* Products */ = {
			isa = PBXGroup;
			children = (
				9D984DB22520A9B7009DE4FE /* AliyunLogProducer.framework */,
				F86AAB102737E90200FE9871 /* AliyunLogProducer_TVOS.framework */,
			);
			name = Products;
			sourceTree = "<group>";
		};
		9D984DB42520A9B7009DE4FE /* AliyunLogProducer */ = {
			isa = PBXGroup;
			children = (
				F80DF45F26A6FDCF00151F7C /* CrashReporter */,
				F80DF2EF26A55F4700151F7C /* common */,
				F87A244E266F3FCD00499D4D /* utils */,
				9D984DB52520A9B7009DE4FE /* AliyunLogProducer.h */,
				9D984DB62520A9B7009DE4FE /* Info.plist */,
				9D984F022520B137009DE4FE /* LogProducerConfig.h */,
				9D984EFE2520AE17009DE4FE /* LogProducerConfig.m */,
				9D984F032520D796009DE4FE /* LogProducerClient.h */,
				9D984F002520AF44009DE4FE /* LogProducerClient.m */,
				9D984F052520E110009DE4FE /* Log.h */,
				9D984F072520E120009DE4FE /* Log.m */,
			);
			path = AliyunLogProducer;
			sourceTree = "<group>";
		};
		F80DF2EF26A55F4700151F7C /* common */ = {
			isa = PBXGroup;
			children = (
				F80DF32626A56B3800151F7C /* plugin */,
				F80DF31C26A56AC700151F7C /* utdid */,
				F80DF31326A56A6500151F7C /* reachable */,
				F80DF32B26A56B7200151F7C /* SLSConfig.h */,
				F80DF32C26A56B7200151F7C /* SLSConfig.m */,
				F80DF33B26A56C3C00151F7C /* SLSDeviceUtils.h */,
				F80DF33C26A56C3C00151F7C /* SLSDeviceUtils.m */,
				F80DF33F26A56C6A00151F7C /* TCData.h */,
				F80DF34026A56C6A00151F7C /* TCData.m */,
				F80DF34326A56DCD00151F7C /* SLSAdapter.h */,
				F80DF34426A56DCD00151F7C /* SLSAdapter.m */,
				F80DF45126A6CBCC00151F7C /* LogProducerClient+Bricks.h */,
				F80DF45226A6CBCC00151F7C /* LogProducerClient+Bricks.m */,
			);
			path = common;
			sourceTree = "<group>";
		};
		F80DF31326A56A6500151F7C /* reachable */ = {
			isa = PBXGroup;
			children = (
				F80DF31826A56AAC00151F7C /* Rechable.h */,
				F80DF31926A56AAC00151F7C /* Rechable.m */,
			);
			path = reachable;
			sourceTree = "<group>";
		};
		F80DF31C26A56AC700151F7C /* utdid */ = {
			isa = PBXGroup;
			children = (
				F80DF31D26A56AD900151F7C /* Utdid.h */,
				F80DF31E26A56AD900151F7C /* Utdid.m */,
				F80DF32226A56AF600151F7C /* Storage.h */,
				F80DF32326A56AF600151F7C /* Storage.m */,
			);
			path = utdid;
			sourceTree = "<group>";
		};
		F80DF32626A56B3800151F7C /* plugin */ = {
			isa = PBXGroup;
			children = (
				F80DF32726A56B4600151F7C /* IPlugin.h */,
				F80DF32826A56B4600151F7C /* IPlugin.m */,
			);
			path = plugin;
			sourceTree = "<group>";
		};
		F80DF45F26A6FDCF00151F7C /* CrashReporter */ = {
			isa = PBXGroup;
			children = (
				F8E939812738FD5700E6535A /* tvOS */,
				F8E939802738FD5000E6535A /* iOS */,
				F80DF46226A6FED000151F7C /* parser */,
				F80DF46326A6FED900151F7C /* sender */,
				F80DF46426A6FEFC00151F7C /* IReporterSender.h */,
				F80DF46526A6FEFD00151F7C /* IReporterSender.m */,
				F80DF46926A6FF8700151F7C /* IFileParser.h */,
				F80DF46826A6FF8700151F7C /* IFileParser.m */,
				F80DF47526A702AE00151F7C /* SLSCrashReporterPlugin.h */,
				F80DF47426A702AE00151F7C /* SLSCrashReporterPlugin.m */,
			);
			path = CrashReporter;
			sourceTree = "<group>";
		};
		F80DF46226A6FED000151F7C /* parser */ = {
			isa = PBXGroup;
			children = (
				F80DF46C26A6FFAE00151F7C /* UCTraceFileParser.h */,
				F80DF46D26A6FFAE00151F7C /* UCTraceFileParser.m */,
			);
			path = parser;
			sourceTree = "<group>";
		};
		F80DF46326A6FED900151F7C /* sender */ = {
			isa = PBXGroup;
			children = (
				F80DF47026A7004900151F7C /* SLSReporterSender.h */,
				F80DF47126A7004900151F7C /* SLSReporterSender.m */,
			);
			path = sender;
			sourceTree = "<group>";
		};
		F87A244E266F3FCD00499D4D /* utils */ = {
			isa = PBXGroup;
			children = (
				F87A244F266F3FE000499D4D /* TimeUtils.h */,
				F87A2450266F3FE000499D4D /* TimeUtils.m */,
			);
			path = utils;
			sourceTree = "<group>";
		};
		F8E939802738FD5000E6535A /* iOS */ = {
			isa = PBXGroup;
			children = (
				F8E939822738FD6300E6535A /* WPKMobi.framework */,
			);
			path = iOS;
			sourceTree = "<group>";
		};
		F8E939812738FD5700E6535A /* tvOS */ = {
			isa = PBXGroup;
			children = (
				F8E939842738FD7200E6535A /* WPKMobi.framework */,
			);
			path = tvOS;
			sourceTree = "<group>";
		};
/* End PBXGroup section */

/* Begin PBXHeadersBuildPhase section */
		9D984DAD2520A9B7009DE4FE /* Headers */ = {
			isa = PBXHeadersBuildPhase;
			buildActionMask = 2147483647;
			files = (
				9D2468B52577848E0031EB1F /* log_producer_manager.h in Headers */,
				F80DF32426A56AF600151F7C /* Storage.h in Headers */,
				9D2468922577848D0031EB1F /* sha1.h in Headers */,
				9D984DB72520A9B7009DE4FE /* AliyunLogProducer.h in Headers */,
				9D2468B42577848E0031EB1F /* log_http_interface.h in Headers */,
				9D2468AC2577848D0031EB1F /* log_producer_client.h in Headers */,
				9D2468992577848D0031EB1F /* log_producer_common.h in Headers */,
				F80DF31A26A56AAC00151F7C /* Rechable.h in Headers */,
				9D2468A42577848D0031EB1F /* log_producer_config.h in Headers */,
				9D2468B82577848E0031EB1F /* log_define.h in Headers */,
				9D2468962577848D0031EB1F /* log_multi_thread.h in Headers */,
				F80DF32D26A56B7200151F7C /* SLSConfig.h in Headers */,
				F80DF34526A56DCD00151F7C /* SLSAdapter.h in Headers */,
				F80DF34126A56C6A00151F7C /* TCData.h in Headers */,
				F80DF47726A702AE00151F7C /* SLSCrashReporterPlugin.h in Headers */,
				9D2468B32577848E0031EB1F /* log_inner_include.h in Headers */,
				9D2468A12577848D0031EB1F /* sds.h in Headers */,
				F80DF47226A7004900151F7C /* SLSReporterSender.h in Headers */,
				F87A2451266F3FE000499D4D /* TimeUtils.h in Headers */,
				9D984F062520E110009DE4FE /* Log.h in Headers */,
				9D2468AF2577848D0031EB1F /* log_queue.h in Headers */,
				9D2468B12577848E0031EB1F /* log_api.h in Headers */,
				9D2468A62577848D0031EB1F /* hmac-sha.h in Headers */,
				F80DF46E26A6FFAE00151F7C /* UCTraceFileParser.h in Headers */,
				9D2468A92577848D0031EB1F /* md5.h in Headers */,
				F80DF32926A56B4600151F7C /* IPlugin.h in Headers */,
				F80DF46B26A6FF8700151F7C /* IFileParser.h in Headers */,
				9D2468B22577848E0031EB1F /* lz4.h in Headers */,
				F80DF46626A6FEFD00151F7C /* IReporterSender.h in Headers */,
				9D0CAEF325217AA400A4985A /* LogProducerConfig.h in Headers */,
				9D2468A52577848D0031EB1F /* log_persistent_manager.h in Headers */,
				9D24689B2577848D0031EB1F /* log_builder.h in Headers */,
				F80DF33D26A56C3C00151F7C /* SLSDeviceUtils.h in Headers */,
				F80DF45326A6CBCC00151F7C /* LogProducerClient+Bricks.h in Headers */,
				9D984F042520D796009DE4FE /* LogProducerClient.h in Headers */,
				9D2468A72577848D0031EB1F /* inner_log.h in Headers */,
				9D2468B72577848E0031EB1F /* log_ring_file.h in Headers */,
				9D2468AD2577848D0031EB1F /* log_producer_sender.h in Headers */,
				9D24689A2577848D0031EB1F /* log_util.h in Headers */,
				F80DF31F26A56AD900151F7C /* Utdid.h in Headers */,
			);
			runOnlyForDeploymentPostprocessing = 0;
		};
		F86AAAB72737E90200FE9871 /* Headers */ = {
			isa = PBXHeadersBuildPhase;
			buildActionMask = 2147483647;
			files = (
				F86AAAB82737E90200FE9871 /* log_producer_manager.h in Headers */,
				F86AAAB92737E90200FE9871 /* Storage.h in Headers */,
				F86AAABA2737E90200FE9871 /* sha1.h in Headers */,
				F86AAABB2737E90200FE9871 /* AliyunLogProducer.h in Headers */,
				F86AAABC2737E90200FE9871 /* log_http_interface.h in Headers */,
				F86AAABD2737E90200FE9871 /* log_producer_client.h in Headers */,
				F86AAABE2737E90200FE9871 /* log_producer_common.h in Headers */,
				F86AAABF2737E90200FE9871 /* Rechable.h in Headers */,
				F86AAAC02737E90200FE9871 /* log_producer_config.h in Headers */,
				F86AAAC12737E90200FE9871 /* log_define.h in Headers */,
				F86AAAC22737E90200FE9871 /* log_multi_thread.h in Headers */,
				F86AAAC32737E90200FE9871 /* SLSConfig.h in Headers */,
				F86AAAC42737E90200FE9871 /* SLSAdapter.h in Headers */,
				F86AAAC52737E90200FE9871 /* TCData.h in Headers */,
				F86AAAC62737E90200FE9871 /* SLSCrashReporterPlugin.h in Headers */,
				F86AAAC72737E90200FE9871 /* log_inner_include.h in Headers */,
				F86AAAC82737E90200FE9871 /* sds.h in Headers */,
				F86AAAC92737E90200FE9871 /* SLSReporterSender.h in Headers */,
				F86AAACA2737E90200FE9871 /* TimeUtils.h in Headers */,
				F86AAACB2737E90200FE9871 /* Log.h in Headers */,
				F86AAACC2737E90200FE9871 /* log_queue.h in Headers */,
				F86AAACD2737E90200FE9871 /* log_api.h in Headers */,
				F86AAACE2737E90200FE9871 /* hmac-sha.h in Headers */,
				F86AAACF2737E90200FE9871 /* UCTraceFileParser.h in Headers */,
				F86AAAD02737E90200FE9871 /* md5.h in Headers */,
				F86AAAD12737E90200FE9871 /* IPlugin.h in Headers */,
				F86AAAD22737E90200FE9871 /* IFileParser.h in Headers */,
				F86AAAD32737E90200FE9871 /* lz4.h in Headers */,
				F86AAAD42737E90200FE9871 /* IReporterSender.h in Headers */,
				F86AAAD52737E90200FE9871 /* LogProducerConfig.h in Headers */,
				F86AAAD62737E90200FE9871 /* log_persistent_manager.h in Headers */,
				F86AAAD72737E90200FE9871 /* log_builder.h in Headers */,
				F86AAAD82737E90200FE9871 /* SLSDeviceUtils.h in Headers */,
				F86AAAD92737E90200FE9871 /* LogProducerClient+Bricks.h in Headers */,
				F86AAADA2737E90200FE9871 /* LogProducerClient.h in Headers */,
				F86AAADB2737E90200FE9871 /* inner_log.h in Headers */,
				F86AAADC2737E90200FE9871 /* log_ring_file.h in Headers */,
				F86AAADD2737E90200FE9871 /* log_producer_sender.h in Headers */,
				F86AAADE2737E90200FE9871 /* log_util.h in Headers */,
				F86AAADF2737E90200FE9871 /* Utdid.h in Headers */,
			);
			runOnlyForDeploymentPostprocessing = 0;
		};
/* End PBXHeadersBuildPhase section */

/* Begin PBXNativeTarget section */
		9D984DB12520A9B7009DE4FE /* AliyunLogProducer */ = {
			isa = PBXNativeTarget;
			buildConfigurationList = 9D984DBA2520A9B7009DE4FE /* Build configuration list for PBXNativeTarget "AliyunLogProducer" */;
			buildPhases = (
				9D984DAD2520A9B7009DE4FE /* Headers */,
				9D984DAE2520A9B7009DE4FE /* Sources */,
				9D984DAF2520A9B7009DE4FE /* Frameworks */,
				9D984DB02520A9B7009DE4FE /* Resources */,
			);
			buildRules = (
			);
			dependencies = (
			);
			name = AliyunLogProducer;
			productName = AliyunLogProducer;
			productReference = 9D984DB22520A9B7009DE4FE /* AliyunLogProducer.framework */;
			productType = "com.apple.product-type.framework";
		};
		F86AAAB62737E90200FE9871 /* AliyunLogProducer_TVOS */ = {
			isa = PBXNativeTarget;
			buildConfigurationList = F86AAB0D2737E90200FE9871 /* Build configuration list for PBXNativeTarget "AliyunLogProducer_TVOS" */;
			buildPhases = (
				F86AAAB72737E90200FE9871 /* Headers */,
				F86AAAE02737E90200FE9871 /* Sources */,
				F86AAB052737E90200FE9871 /* Frameworks */,
				F86AAB0B2737E90200FE9871 /* Resources */,
			);
			buildRules = (
			);
			dependencies = (
			);
			name = AliyunLogProducer_TVOS;
			productName = AliyunLogProducer;
			productReference = F86AAB102737E90200FE9871 /* AliyunLogProducer_TVOS.framework */;
			productType = "com.apple.product-type.framework";
		};
/* End PBXNativeTarget section */

/* Begin PBXProject section */
		9D984DA92520A9B7009DE4FE /* Project object */ = {
			isa = PBXProject;
			attributes = {
				LastUpgradeCheck = 1120;
				ORGANIZATIONNAME = lichao;
				TargetAttributes = {
					9D984DB12520A9B7009DE4FE = {
						CreatedOnToolsVersion = 11.2.1;
					};
				};
			};
			buildConfigurationList = 9D984DAC2520A9B7009DE4FE /* Build configuration list for PBXProject "AliyunLogProducer" */;
			compatibilityVersion = "Xcode 9.3";
			developmentRegion = en;
			hasScannedForEncodings = 0;
			knownRegions = (
				en,
				Base,
			);
			mainGroup = 9D984DA82520A9B7009DE4FE;
			productRefGroup = 9D984DB32520A9B7009DE4FE /* Products */;
			projectDirPath = "";
			projectRoot = "";
			targets = (
				9D984DB12520A9B7009DE4FE /* AliyunLogProducer */,
				F86AAAB62737E90200FE9871 /* AliyunLogProducer_TVOS */,
			);
		};
/* End PBXProject section */

/* Begin PBXResourcesBuildPhase section */
		9D984DB02520A9B7009DE4FE /* Resources */ = {
			isa = PBXResourcesBuildPhase;
			buildActionMask = 2147483647;
			files = (
				F80DF47F26A7DE9000151F7C /* AliyunLogProducer.podspec in Resources */,
			);
			runOnlyForDeploymentPostprocessing = 0;
		};
		F86AAB0B2737E90200FE9871 /* Resources */ = {
			isa = PBXResourcesBuildPhase;
			buildActionMask = 2147483647;
			files = (
				F86AAB0C2737E90200FE9871 /* AliyunLogProducer.podspec in Resources */,
			);
			runOnlyForDeploymentPostprocessing = 0;
		};
/* End PBXResourcesBuildPhase section */

/* Begin PBXSourcesBuildPhase section */
		9D984DAE2520A9B7009DE4FE /* Sources */ = {
			isa = PBXSourcesBuildPhase;
			buildActionMask = 2147483647;
			files = (
				9D2468A82577848D0031EB1F /* log_producer_config.c in Sources */,
				9D24689E2577848D0031EB1F /* sds.c in Sources */,
				F80DF31B26A56AAC00151F7C /* Rechable.m in Sources */,
				F87A2452266F3FE000499D4D /* TimeUtils.m in Sources */,
				9D2468B02577848D0031EB1F /* log_util.c in Sources */,
				F80DF34226A56C6A00151F7C /* TCData.m in Sources */,
				9D2468952577848D0031EB1F /* sha1.c in Sources */,
				F80DF45426A6CBCC00151F7C /* LogProducerClient+Bricks.m in Sources */,
				F80DF32E26A56B7200151F7C /* SLSConfig.m in Sources */,
				F80DF46726A6FEFD00151F7C /* IReporterSender.m in Sources */,
				9D24689F2577848D0031EB1F /* log_queue.c in Sources */,
				F80DF32526A56AF600151F7C /* Storage.m in Sources */,
				9D2468A02577848D0031EB1F /* lz4.c in Sources */,
				9D2468AA2577848D0031EB1F /* log_api.c in Sources */,
				F80DF46F26A6FFAE00151F7C /* UCTraceFileParser.m in Sources */,
				9D2468A22577848D0031EB1F /* log_builder.c in Sources */,
				F80DF47626A702AE00151F7C /* SLSCrashReporterPlugin.m in Sources */,
				9D2468972577848D0031EB1F /* log_ring_file.c in Sources */,
				9D2468A32577848D0031EB1F /* md5.c in Sources */,
				F80DF32026A56AD900151F7C /* Utdid.m in Sources */,
				9D2468942577848D0031EB1F /* inner_log.c in Sources */,
				9D984F082520E121009DE4FE /* Log.m in Sources */,
				F80DF46A26A6FF8700151F7C /* IFileParser.m in Sources */,
				9D24689C2577848D0031EB1F /* log_http_interface.c in Sources */,
				9D984EFF2520AE17009DE4FE /* LogProducerConfig.m in Sources */,
				F80DF32A26A56B4600151F7C /* IPlugin.m in Sources */,
				9D2468982577848D0031EB1F /* log_persistent_manager.c in Sources */,
				9D984F012520AF44009DE4FE /* LogProducerClient.m in Sources */,
				9D2468932577848D0031EB1F /* log_producer_sender.c in Sources */,
				F80DF34626A56DCD00151F7C /* SLSAdapter.m in Sources */,
				9D24689D2577848D0031EB1F /* log_producer_client.c in Sources */,
				9D2468B62577848E0031EB1F /* log_producer_common.c in Sources */,
				9D2468AE2577848D0031EB1F /* log_producer_manager.c in Sources */,
				F80DF33E26A56C3C00151F7C /* SLSDeviceUtils.m in Sources */,
				F80DF47326A7004900151F7C /* SLSReporterSender.m in Sources */,
				9D2468AB2577848D0031EB1F /* hmac-sha.c in Sources */,
			);
			runOnlyForDeploymentPostprocessing = 0;
		};
		F86AAAE02737E90200FE9871 /* Sources */ = {
			isa = PBXSourcesBuildPhase;
			buildActionMask = 2147483647;
			files = (
				F86AAAE12737E90200FE9871 /* log_producer_config.c in Sources */,
				F86AAAE22737E90200FE9871 /* sds.c in Sources */,
				F86AAAE32737E90200FE9871 /* Rechable.m in Sources */,
				F86AAAE42737E90200FE9871 /* TimeUtils.m in Sources */,
				F86AAAE52737E90200FE9871 /* log_util.c in Sources */,
				F86AAAE62737E90200FE9871 /* TCData.m in Sources */,
				F86AAAE72737E90200FE9871 /* sha1.c in Sources */,
				F86AAAE82737E90200FE9871 /* LogProducerClient+Bricks.m in Sources */,
				F86AAAE92737E90200FE9871 /* SLSConfig.m in Sources */,
				F86AAAEA2737E90200FE9871 /* IReporterSender.m in Sources */,
				F86AAAEB2737E90200FE9871 /* log_queue.c in Sources */,
				F86AAAEC2737E90200FE9871 /* Storage.m in Sources */,
				F86AAAED2737E90200FE9871 /* lz4.c in Sources */,
				F86AAAEE2737E90200FE9871 /* log_api.c in Sources */,
				F86AAAEF2737E90200FE9871 /* UCTraceFileParser.m in Sources */,
				F86AAAF02737E90200FE9871 /* log_builder.c in Sources */,
				F86AAAF12737E90200FE9871 /* SLSCrashReporterPlugin.m in Sources */,
				F86AAAF22737E90200FE9871 /* log_ring_file.c in Sources */,
				F86AAAF32737E90200FE9871 /* md5.c in Sources */,
				F86AAAF42737E90200FE9871 /* Utdid.m in Sources */,
				F86AAAF52737E90200FE9871 /* inner_log.c in Sources */,
				F86AAAF62737E90200FE9871 /* Log.m in Sources */,
				F86AAAF72737E90200FE9871 /* IFileParser.m in Sources */,
				F86AAAF82737E90200FE9871 /* log_http_interface.c in Sources */,
				F86AAAF92737E90200FE9871 /* LogProducerConfig.m in Sources */,
				F86AAAFA2737E90200FE9871 /* IPlugin.m in Sources */,
				F86AAAFB2737E90200FE9871 /* log_persistent_manager.c in Sources */,
				F86AAAFC2737E90200FE9871 /* LogProducerClient.m in Sources */,
				F86AAAFD2737E90200FE9871 /* log_producer_sender.c in Sources */,
				F86AAAFE2737E90200FE9871 /* SLSAdapter.m in Sources */,
				F86AAAFF2737E90200FE9871 /* log_producer_client.c in Sources */,
				F86AAB002737E90200FE9871 /* log_producer_common.c in Sources */,
				F86AAB012737E90200FE9871 /* log_producer_manager.c in Sources */,
				F86AAB022737E90200FE9871 /* SLSDeviceUtils.m in Sources */,
				F86AAB032737E90200FE9871 /* SLSReporterSender.m in Sources */,
				F86AAB042737E90200FE9871 /* hmac-sha.c in Sources */,
			);
			runOnlyForDeploymentPostprocessing = 0;
		};
/* End PBXSourcesBuildPhase section */

/* Begin XCBuildConfiguration section */
		9D984DB82520A9B7009DE4FE /* Debug */ = {
			isa = XCBuildConfiguration;
			buildSettings = {
				ALWAYS_SEARCH_USER_PATHS = NO;
				CLANG_ANALYZER_NONNULL = YES;
				CLANG_ANALYZER_NUMBER_OBJECT_CONVERSION = YES_AGGRESSIVE;
				CLANG_CXX_LANGUAGE_STANDARD = "gnu++14";
				CLANG_CXX_LIBRARY = "libc++";
				CLANG_ENABLE_MODULES = YES;
				CLANG_ENABLE_OBJC_ARC = YES;
				CLANG_ENABLE_OBJC_WEAK = YES;
				CLANG_WARN_BLOCK_CAPTURE_AUTORELEASING = YES;
				CLANG_WARN_BOOL_CONVERSION = YES;
				CLANG_WARN_COMMA = YES;
				CLANG_WARN_CONSTANT_CONVERSION = YES;
				CLANG_WARN_DEPRECATED_OBJC_IMPLEMENTATIONS = YES;
				CLANG_WARN_DIRECT_OBJC_ISA_USAGE = YES_ERROR;
				CLANG_WARN_DOCUMENTATION_COMMENTS = YES;
				CLANG_WARN_EMPTY_BODY = YES;
				CLANG_WARN_ENUM_CONVERSION = YES;
				CLANG_WARN_INFINITE_RECURSION = YES;
				CLANG_WARN_INT_CONVERSION = YES;
				CLANG_WARN_NON_LITERAL_NULL_CONVERSION = YES;
				CLANG_WARN_OBJC_IMPLICIT_RETAIN_SELF = YES;
				CLANG_WARN_OBJC_LITERAL_CONVERSION = YES;
				CLANG_WARN_OBJC_ROOT_CLASS = YES_ERROR;
				CLANG_WARN_RANGE_LOOP_ANALYSIS = YES;
				CLANG_WARN_STRICT_PROTOTYPES = YES;
				CLANG_WARN_SUSPICIOUS_MOVE = YES;
				CLANG_WARN_UNGUARDED_AVAILABILITY = YES_AGGRESSIVE;
				CLANG_WARN_UNREACHABLE_CODE = YES;
				CLANG_WARN__DUPLICATE_METHOD_MATCH = YES;
				COPY_PHASE_STRIP = NO;
				CURRENT_PROJECT_VERSION = 1;
				DEBUG_INFORMATION_FORMAT = dwarf;
				ENABLE_STRICT_OBJC_MSGSEND = YES;
				ENABLE_TESTABILITY = YES;
				GCC_C_LANGUAGE_STANDARD = gnu11;
				GCC_DYNAMIC_NO_PIC = NO;
				GCC_NO_COMMON_BLOCKS = YES;
				GCC_OPTIMIZATION_LEVEL = 0;
				GCC_PREPROCESSOR_DEFINITIONS = (
					"DEBUG=1",
					"$(inherited)",
				);
				GCC_WARN_64_TO_32_BIT_CONVERSION = YES;
				GCC_WARN_ABOUT_RETURN_TYPE = YES_ERROR;
				GCC_WARN_UNDECLARED_SELECTOR = YES;
				GCC_WARN_UNINITIALIZED_AUTOS = YES_AGGRESSIVE;
				GCC_WARN_UNUSED_FUNCTION = YES;
				GCC_WARN_UNUSED_VARIABLE = YES;
				HEADER_SEARCH_PATHS = "$(SRCROOT)/aliyun-log-c-sdk/src";
				IPHONEOS_DEPLOYMENT_TARGET = 10.0;
				MTL_ENABLE_DEBUG_INFO = INCLUDE_SOURCE;
				MTL_FAST_MATH = YES;
				ONLY_ACTIVE_ARCH = YES;
				SDKROOT = iphoneos;
				VERSIONING_SYSTEM = "apple-generic";
				VERSION_INFO_PREFIX = "";
			};
			name = Debug;
		};
		9D984DB92520A9B7009DE4FE /* Release */ = {
			isa = XCBuildConfiguration;
			buildSettings = {
				ALWAYS_SEARCH_USER_PATHS = NO;
				CLANG_ANALYZER_NONNULL = YES;
				CLANG_ANALYZER_NUMBER_OBJECT_CONVERSION = YES_AGGRESSIVE;
				CLANG_CXX_LANGUAGE_STANDARD = "gnu++14";
				CLANG_CXX_LIBRARY = "libc++";
				CLANG_ENABLE_MODULES = YES;
				CLANG_ENABLE_OBJC_ARC = YES;
				CLANG_ENABLE_OBJC_WEAK = YES;
				CLANG_WARN_BLOCK_CAPTURE_AUTORELEASING = YES;
				CLANG_WARN_BOOL_CONVERSION = YES;
				CLANG_WARN_COMMA = YES;
				CLANG_WARN_CONSTANT_CONVERSION = YES;
				CLANG_WARN_DEPRECATED_OBJC_IMPLEMENTATIONS = YES;
				CLANG_WARN_DIRECT_OBJC_ISA_USAGE = YES_ERROR;
				CLANG_WARN_DOCUMENTATION_COMMENTS = YES;
				CLANG_WARN_EMPTY_BODY = YES;
				CLANG_WARN_ENUM_CONVERSION = YES;
				CLANG_WARN_INFINITE_RECURSION = YES;
				CLANG_WARN_INT_CONVERSION = YES;
				CLANG_WARN_NON_LITERAL_NULL_CONVERSION = YES;
				CLANG_WARN_OBJC_IMPLICIT_RETAIN_SELF = YES;
				CLANG_WARN_OBJC_LITERAL_CONVERSION = YES;
				CLANG_WARN_OBJC_ROOT_CLASS = YES_ERROR;
				CLANG_WARN_RANGE_LOOP_ANALYSIS = YES;
				CLANG_WARN_STRICT_PROTOTYPES = YES;
				CLANG_WARN_SUSPICIOUS_MOVE = YES;
				CLANG_WARN_UNGUARDED_AVAILABILITY = YES_AGGRESSIVE;
				CLANG_WARN_UNREACHABLE_CODE = YES;
				CLANG_WARN__DUPLICATE_METHOD_MATCH = YES;
				COPY_PHASE_STRIP = NO;
				CURRENT_PROJECT_VERSION = 1;
				DEBUG_INFORMATION_FORMAT = "dwarf-with-dsym";
				ENABLE_NS_ASSERTIONS = NO;
				ENABLE_STRICT_OBJC_MSGSEND = YES;
				GCC_C_LANGUAGE_STANDARD = gnu11;
				GCC_NO_COMMON_BLOCKS = YES;
				GCC_WARN_64_TO_32_BIT_CONVERSION = YES;
				GCC_WARN_ABOUT_RETURN_TYPE = YES_ERROR;
				GCC_WARN_UNDECLARED_SELECTOR = YES;
				GCC_WARN_UNINITIALIZED_AUTOS = YES_AGGRESSIVE;
				GCC_WARN_UNUSED_FUNCTION = YES;
				GCC_WARN_UNUSED_VARIABLE = YES;
				HEADER_SEARCH_PATHS = "$(SRCROOT)/aliyun-log-c-sdk/src";
				IPHONEOS_DEPLOYMENT_TARGET = 10.0;
				MTL_ENABLE_DEBUG_INFO = NO;
				MTL_FAST_MATH = YES;
				SDKROOT = iphoneos;
				VALIDATE_PRODUCT = YES;
				VERSIONING_SYSTEM = "apple-generic";
				VERSION_INFO_PREFIX = "";
			};
			name = Release;
		};
		9D984DBB2520A9B7009DE4FE /* Debug */ = {
			isa = XCBuildConfiguration;
			buildSettings = {
				CODE_SIGN_STYLE = Automatic;
				COPY_PHASE_STRIP = YES;
				DEFINES_MODULE = YES;
				DEVELOPMENT_TEAM = QWPJRHMG6U;
				DYLIB_COMPATIBILITY_VERSION = 1;
				DYLIB_CURRENT_VERSION = 1;
				DYLIB_INSTALL_NAME_BASE = "@rpath";
				"EXCLUDED_ARCHS[sdk=iphonesimulator*]" = arm64;
				FRAMEWORK_SEARCH_PATHS = (
					"$(inherited)",
					"$(PROJECT_DIR)/AliyunLogProducer/CrashReporter",
					"$(PROJECT_DIR)/AliyunLogProducer/CrashReporter/iOS",
				);
				GCC_C_LANGUAGE_STANDARD = gnu11;
				HEADER_SEARCH_PATHS = "";
				INFOPLIST_FILE = AliyunLogProducer/Info.plist;
				INSTALL_PATH = "$(LOCAL_LIBRARY_DIR)/Frameworks";
				IPHONEOS_DEPLOYMENT_TARGET = 8.0;
				LD_RUNPATH_SEARCH_PATHS = (
					"$(inherited)",
					"@executable_path/Frameworks",
					"@loader_path/Frameworks",
				);
				LIBRARY_SEARCH_PATHS = "$(inherited)";
				PRODUCT_BUNDLE_IDENTIFIER = lichao.AliyunLogProducer;
				PRODUCT_NAME = "$(TARGET_NAME:c99extidentifier)";
				SKIP_INSTALL = YES;
				SYSTEM_HEADER_SEARCH_PATHS = "";
				TARGETED_DEVICE_FAMILY = "1,2";
			};
			name = Debug;
		};
		9D984DBC2520A9B7009DE4FE /* Release */ = {
			isa = XCBuildConfiguration;
			buildSettings = {
				CODE_SIGN_STYLE = Automatic;
				COPY_PHASE_STRIP = YES;
				DEBUG_INFORMATION_FORMAT = dwarf;
				DEFINES_MODULE = YES;
				DEPLOYMENT_POSTPROCESSING = YES;
				DEVELOPMENT_TEAM = QWPJRHMG6U;
				DYLIB_COMPATIBILITY_VERSION = 1;
				DYLIB_CURRENT_VERSION = 1;
				DYLIB_INSTALL_NAME_BASE = "@rpath";
				"EXCLUDED_ARCHS[sdk=iphonesimulator*]" = arm64;
				FRAMEWORK_SEARCH_PATHS = (
					"$(inherited)",
					"$(PROJECT_DIR)/AliyunLogProducer/CrashReporter",
					"$(PROJECT_DIR)/AliyunLogProducer/CrashReporter/iOS",
				);
				GCC_C_LANGUAGE_STANDARD = gnu11;
				GCC_GENERATE_DEBUGGING_SYMBOLS = NO;
				HEADER_SEARCH_PATHS = "";
				INFOPLIST_FILE = AliyunLogProducer/Info.plist;
				INSTALL_PATH = "$(LOCAL_LIBRARY_DIR)/Frameworks";
				IPHONEOS_DEPLOYMENT_TARGET = 8.0;
				LD_RUNPATH_SEARCH_PATHS = (
					"$(inherited)",
					"@executable_path/Frameworks",
					"@loader_path/Frameworks",
				);
				LIBRARY_SEARCH_PATHS = "$(inherited)";
				PRODUCT_BUNDLE_IDENTIFIER = lichao.AliyunLogProducer;
				PRODUCT_NAME = "$(TARGET_NAME:c99extidentifier)";
				SKIP_INSTALL = YES;
				SYSTEM_HEADER_SEARCH_PATHS = "";
				TARGETED_DEVICE_FAMILY = "1,2";
			};
			name = Release;
		};
		F86AAB0E2737E90200FE9871 /* Debug */ = {
			isa = XCBuildConfiguration;
			buildSettings = {
				CODE_SIGN_STYLE = Automatic;
				COPY_PHASE_STRIP = YES;
				DEFINES_MODULE = YES;
				DEVELOPMENT_TEAM = QWPJRHMG6U;
				DYLIB_COMPATIBILITY_VERSION = 1;
				DYLIB_CURRENT_VERSION = 1;
				DYLIB_INSTALL_NAME_BASE = "@rpath";
				"EXCLUDED_ARCHS[sdk=appletvsimulator*]" = arm64;
				FRAMEWORK_SEARCH_PATHS = (
					"$(inherited)",
					"$(PROJECT_DIR)/AliyunLogProducer/CrashReporter",
					"$(PROJECT_DIR)/AliyunLogProducer/CrashReporter/tvOS",
				);
				GCC_C_LANGUAGE_STANDARD = gnu11;
				HEADER_SEARCH_PATHS = "";
				INFOPLIST_FILE = AliyunLogProducer/Info.plist;
				INSTALL_PATH = "$(LOCAL_LIBRARY_DIR)/Frameworks";
				IPHONEOS_DEPLOYMENT_TARGET = 8.0;
				LD_RUNPATH_SEARCH_PATHS = (
					"$(inherited)",
					"@executable_path/Frameworks",
					"@loader_path/Frameworks",
				);
				LIBRARY_SEARCH_PATHS = "$(inherited)";
				PRODUCT_BUNDLE_IDENTIFIER = lichao.AliyunLogProducer;
				PRODUCT_NAME = "$(TARGET_NAME)";
				SDKROOT = appletvos;
				SKIP_INSTALL = YES;
				SYSTEM_HEADER_SEARCH_PATHS = "";
				TARGETED_DEVICE_FAMILY = 3;
				TVOS_DEPLOYMENT_TARGET = 9.0;
			};
			name = Debug;
		};
		F86AAB0F2737E90200FE9871 /* Release */ = {
			isa = XCBuildConfiguration;
			buildSettings = {
				CODE_SIGN_STYLE = Automatic;
				COPY_PHASE_STRIP = YES;
				DEBUG_INFORMATION_FORMAT = dwarf;
				DEFINES_MODULE = YES;
				DEPLOYMENT_POSTPROCESSING = YES;
				DEVELOPMENT_TEAM = QWPJRHMG6U;
				DYLIB_COMPATIBILITY_VERSION = 1;
				DYLIB_CURRENT_VERSION = 1;
				DYLIB_INSTALL_NAME_BASE = "@rpath";
				"EXCLUDED_ARCHS[sdk=appletvsimulator*]" = arm64;
				FRAMEWORK_SEARCH_PATHS = (
					"$(inherited)",
					"$(PROJECT_DIR)/AliyunLogProducer/CrashReporter",
					"$(PROJECT_DIR)/AliyunLogProducer/CrashReporter/tvOS",
				);
				GCC_C_LANGUAGE_STANDARD = gnu11;
				GCC_GENERATE_DEBUGGING_SYMBOLS = NO;
				HEADER_SEARCH_PATHS = "";
				INFOPLIST_FILE = AliyunLogProducer/Info.plist;
				INSTALL_PATH = "$(LOCAL_LIBRARY_DIR)/Frameworks";
				IPHONEOS_DEPLOYMENT_TARGET = 8.0;
				LD_RUNPATH_SEARCH_PATHS = (
					"$(inherited)",
					"@executable_path/Frameworks",
					"@loader_path/Frameworks",
				);
				LIBRARY_SEARCH_PATHS = "$(inherited)";
				PRODUCT_BUNDLE_IDENTIFIER = lichao.AliyunLogProducer;
				PRODUCT_NAME = "$(TARGET_NAME)";
				SDKROOT = appletvos;
				SKIP_INSTALL = YES;
				SYSTEM_HEADER_SEARCH_PATHS = "";
				TARGETED_DEVICE_FAMILY = 3;
				TVOS_DEPLOYMENT_TARGET = 9.0;
			};
			name = Release;
		};
/* End XCBuildConfiguration section */

/* Begin XCConfigurationList section */
		9D984DAC2520A9B7009DE4FE /* Build configuration list for PBXProject "AliyunLogProducer" */ = {
			isa = XCConfigurationList;
			buildConfigurations = (
				9D984DB82520A9B7009DE4FE /* Debug */,
				9D984DB92520A9B7009DE4FE /* Release */,
			);
			defaultConfigurationIsVisible = 0;
			defaultConfigurationName = Release;
		};
		9D984DBA2520A9B7009DE4FE /* Build configuration list for PBXNativeTarget "AliyunLogProducer" */ = {
			isa = XCConfigurationList;
			buildConfigurations = (
				9D984DBB2520A9B7009DE4FE /* Debug */,
				9D984DBC2520A9B7009DE4FE /* Release */,
			);
			defaultConfigurationIsVisible = 0;
			defaultConfigurationName = Release;
		};
		F86AAB0D2737E90200FE9871 /* Build configuration list for PBXNativeTarget "AliyunLogProducer_TVOS" */ = {
			isa = XCConfigurationList;
			buildConfigurations = (
				F86AAB0E2737E90200FE9871 /* Debug */,
				F86AAB0F2737E90200FE9871 /* Release */,
			);
			defaultConfigurationIsVisible = 0;
			defaultConfigurationName = Release;
		};
/* End XCConfigurationList section */
	};
	rootObject = 9D984DA92520A9B7009DE4FE /* Project object */;
}
